// !$*UTF8*$!
{
	archiveVersion = 1;
	classes = {
	};
	objectVersion = 46;
	objects = {

/* Begin PBXBuildFile section */
		B901869E1DD8547D00E80099 /* AppDelegate.swift in Sources */ = {isa = PBXBuildFile; fileRef = B901869D1DD8547D00E80099 /* AppDelegate.swift */; };
		B90186A01DD8547D00E80099 /* ViewController.swift in Sources */ = {isa = PBXBuildFile; fileRef = B901869F1DD8547D00E80099 /* ViewController.swift */; };
		B90186A31DD8547D00E80099 /* Main.storyboard in Resources */ = {isa = PBXBuildFile; fileRef = B90186A11DD8547D00E80099 /* Main.storyboard */; };
		B90186A51DD8547D00E80099 /* Assets.xcassets in Resources */ = {isa = PBXBuildFile; fileRef = B90186A41DD8547D00E80099 /* Assets.xcassets */; };
		B90186A81DD8547D00E80099 /* LaunchScreen.storyboard in Resources */ = {isa = PBXBuildFile; fileRef = B90186A61DD8547D00E80099 /* LaunchScreen.storyboard */; };
/* End PBXBuildFile section */

/* Begin PBXFileReference section */
		B901869A1DD8547D00E80099 /* SelfieShare.app */ = {isa = PBXFileReference; explicitFileType = wrapper.application; includeInIndex = 0; path = SelfieShare.app; sourceTree = BUILT_PRODUCTS_DIR; };
		B901869D1DD8547D00E80099 /* AppDelegate.swift */ = {isa = PBXFileReference; lastKnownFileType = sourcecode.swift; path = AppDelegate.swift; sourceTree = "<group>"; };
		B901869F1DD8547D00E80099 /* ViewController.swift */ = {isa = PBXFileReference; lastKnownFileType = sourcecode.swift; path = ViewController.swift; sourceTree = "<group>"; };
		B90186A21DD8547D00E80099 /* Base */ = {isa = PBXFileReference; lastKnownFileType = file.storyboard; name = Base; path = Base.lproj/Main.storyboard; sourceTree = "<group>"; };
		B90186A41DD8547D00E80099 /* Assets.xcassets */ = {isa = PBXFileReference; lastKnownFileType = folder.assetcatalog; path = Assets.xcassets; sourceTree = "<group>"; };
		B90186A71DD8547D00E80099 /* Base */ = {isa = PBXFileReference; lastKnownFileType = file.storyboard; name = Base; path = Base.lproj/LaunchScreen.storyboard; sourceTree = "<group>"; };
		B90186A91DD8547D00E80099 /* Info.plist */ = {isa = PBXFileReference; lastKnownFileType = text.plist.xml; path = Info.plist; sourceTree = "<group>"; };
/* End PBXFileReference section */

/* Begin PBXFrameworksBuildPhase section */
		B90186971DD8547D00E80099 /* Frameworks */ = {
			isa = PBXFrameworksBuildPhase;
			buildActionMask = 2147483647;
			files = (
			);
			runOnlyForDeploymentPostprocessing = 0;
		};
/* End PBXFrameworksBuildPhase section */

/* Begin PBXGroup section */
		B90186911DD8547D00E80099 = {
			isa = PBXGroup;
			children = (
				B901869C1DD8547D00E80099 /* SelfieShare */,
				B901869B1DD8547D00E80099 /* Products */,
			);
			sourceTree = "<group>";
		};
		B901869B1DD8547D00E80099 /* Products */ = {
			isa = PBXGroup;
			children = (
				B901869A1DD8547D00E80099 /* SelfieShare.app */,
			);
			name = Products;
			sourceTree = "<group>";
		};
		B901869C1DD8547D00E80099 /* SelfieShare */ = {
			isa = PBXGroup;
			children = (
				B901869D1DD8547D00E80099 /* AppDelegate.swift */,
				B901869F1DD8547D00E80099 /* ViewController.swift */,
				B90186A11DD8547D00E80099 /* Main.storyboard */,
				B90186A41DD8547D00E80099 /* Assets.xcassets */,
				B90186A61DD8547D00E80099 /* LaunchScreen.storyboard */,
				B90186A91DD8547D00E80099 /* Info.plist */,
			);
			path = SelfieShare;
			sourceTree = "<group>";
		};
/* End PBXGroup section */

/* Begin PBXNativeTarget section */
		B90186991DD8547D00E80099 /* SelfieShare */ = {
			isa = PBXNativeTarget;
			buildConfigurationList = B90186AC1DD8547D00E80099 /* Build configuration list for PBXNativeTarget "SelfieShare" */;
			buildPhases = (
				B90186961DD8547D00E80099 /* Sources */,
				B90186971DD8547D00E80099 /* Frameworks */,
				B90186981DD8547D00E80099 /* Resources */,
			);
			buildRules = (
			);
			dependencies = (
			);
			name = SelfieShare;
			productName = SelfieShare;
			productReference = B901869A1DD8547D00E80099 /* SelfieShare.app */;
			productType = "com.apple.product-type.application";
		};
/* End PBXNativeTarget section */

/* Begin PBXProject section */
		B90186921DD8547D00E80099 /* Project object */ = {
			isa = PBXProject;
			attributes = {
				LastSwiftUpdateCheck = 0810;
				LastUpgradeCheck = 0810;
				ORGANIZATIONNAME = "David Petrofsky";
				TargetAttributes = {
					B90186991DD8547D00E80099 = {
						CreatedOnToolsVersion = 8.1;
						DevelopmentTeam = SF7XN9ZB4C;
						ProvisioningStyle = Automatic;
					};
				};
			};
			buildConfigurationList = B90186951DD8547D00E80099 /* Build configuration list for PBXProject "SelfieShare" */;
			compatibilityVersion = "Xcode 3.2";
			developmentRegion = English;
			hasScannedForEncodings = 0;
			knownRegions = (
				en,
				Base,
			);
			mainGroup = B90186911DD8547D00E80099;
			productRefGroup = B901869B1DD8547D00E80099 /* Products */;
			projectDirPath = "";
			projectRoot = "";
			targets = (
				B90186991DD8547D00E80099 /* SelfieShare */,
			);
		};
/* End PBXProject section */

/* Begin PBXResourcesBuildPhase section */
		B90186981DD8547D00E80099 /* Resources */ = {
			isa = PBXResourcesBuildPhase;
			buildActionMask = 2147483647;
			files = (
				B90186A81DD8547D00E80099 /* LaunchScreen.storyboard in Resources */,
				B90186A51DD8547D00E80099 /* Assets.xcassets in Resources */,
				B90186A31DD8547D00E80099 /* Main.storyboard in Resources */,
			);
			runOnlyForDeploymentPostprocessing = 0;
		};
/* End PBXResourcesBuildPhase section */

/* Begin PBXSourcesBuildPhase section */
		B90186961DD8547D00E80099 /* Sources */ = {
			isa = PBXSourcesBuildPhase;
			buildActionMask = 2147483647;
			files = (
				B90186A01DD8547D00E80099 /* ViewController.swift in Sources */,
				B901869E1DD8547D00E80099 /* AppDelegate.swift in Sources */,
			);
			runOnlyForDeploymentPostprocessing = 0;
		};
/* End PBXSourcesBuildPhase section */

/* Begin PBXVariantGroup section */
		B90186A11DD8547D00E80099 /* Main.storyboard */ = {
			isa = PBXVariantGroup;
			children = (
				B90186A21DD8547D00E80099 /* Base */,
			);
			name = Main.storyboard;
			sourceTree = "<group>";
		};
		B90186A61DD8547D00E80099 /* LaunchScreen.storyboard */ = {
			isa = PBXVariantGroup;
			children = (
				B90186A71DD8547D00E80099 /* Base */,
			);
			name = LaunchScreen.storyboard;
			sourceTree = "<group>";
		};
/* End PBXVariantGroup section */

/* Begin XCBuildConfiguration section */
		B90186AA1DD8547D00E80099 /* Debug */ = {
			isa = XCBuildConfiguration;
			buildSettings = {
				ALWAYS_SEARCH_USER_PATHS = NO;
				CLANG_ANALYZER_NONNULL = YES;
				CLANG_CXX_LANGUAGE_STANDARD = "gnu++0x";
				CLANG_CXX_LIBRARY = "libc++";
				CLANG_ENABLE_MODULES = YES;
				CLANG_ENABLE_OBJC_ARC = YES;
				CLANG_WARN_BOOL_CONVERSION = YES;
				CLANG_WARN_CONSTANT_CONVERSION = YES;
				CLANG_WARN_DIRECT_OBJC_ISA_USAGE = YES_ERROR;
				CLANG_WARN_DOCUMENTATION_COMMENTS = YES;
				CLANG_WARN_EMPTY_BODY = YES;
				CLANG_WARN_ENUM_CONVERSION = YES;
				CLANG_WARN_INFINITE_RECURSION = YES;
				CLANG_WARN_INT_CONVERSION = YES;
				CLANG_WARN_OBJC_ROOT_CLASS = YES_ERROR;
				CLANG_WARN_SUSPICIOUS_MOVES = YES;
				CLANG_WARN_UNREACHABLE_CODE = YES;
				CLANG_WARN__DUPLICATE_METHOD_MATCH = YES;
				"CODE_SIGN_IDENTITY[sdk=iphoneos*]" = "iPhone Developer";
				COPY_PHASE_STRIP = NO;
				DEBUG_INFORMATION_FORMAT = dwarf;
				ENABLE_STRICT_OBJC_MSGSEND = YES;
				ENABLE_TESTABILITY = YES;
				GCC_C_LANGUAGE_STANDARD = gnu99;
				GCC_DYNAMIC_NO_PIC = NO;
				GCC_NO_COMMON_BLOCKS = YES;
				GCC_OPTIMIZATION_LEVEL = 0;
				GCC_PREPROCESSOR_DEFINITIONS = (
					"DEBUG=1",
					"$(inherited)",
				);
				GCC_WARN_64_TO_32_BIT_CONVERSION = YES;
				GCC_WARN_ABOUT_RETURN_TYPE = YES_ERROR;
				GCC_WARN_UNDECLARED_SELECTOR = YES;
				GCC_WARN_UNINITIALIZED_AUTOS = YES_AGGRESSIVE;
				GCC_WARN_UNUSED_FUNCTION = YES;
				GCC_WARN_UNUSED_VARIABLE = YES;
				IPHONEOS_DEPLOYMENT_TARGET = 10.1;
				MTL_ENABLE_DEBUG_INFO = YES;
				ONLY_ACTIVE_ARCH = YES;
				SDKROOT = iphoneos;
				SWIFT_ACTIVE_COMPILATION_CONDITIONS = DEBUG;
				SWIFT_OPTIMIZATION_LEVEL = "-Onone";
			};
			name = Debug;
		};
		B90186AB1DD8547D00E80099 /* Release */ = {
			isa = XCBuildConfiguration;
			buildSettings = {
				ALWAYS_SEARCH_USER_PATHS = NO;
				CLANG_ANALYZER_NONNULL = YES;
				CLANG_CXX_LANGUAGE_STANDARD = "gnu++0x";
				CLANG_CXX_LIBRARY = "libc++";
				CLANG_ENABLE_MODULES = YES;
				CLANG_ENABLE_OBJC_ARC = YES;
				CLANG_WARN_BOOL_CONVERSION = YES;
				CLANG_WARN_CONSTANT_CONVERSION = YES;
				CLANG_WARN_DIRECT_OBJC_ISA_USAGE = YES_ERROR;
				CLANG_WARN_DOCUMENTATION_COMMENTS = YES;
				CLANG_WARN_EMPTY_BODY = YES;
				CLANG_WARN_ENUM_CONVERSION = YES;
				CLANG_WARN_INFINITE_RECURSION = YES;
				CLANG_WARN_INT_CONVERSION = YES;
				CLANG_WARN_OBJC_ROOT_CLASS = YES_ERROR;
				CLANG_WARN_SUSPICIOUS_MOVES = YES;
				CLANG_WARN_UNREACHABLE_CODE = YES;
				CLANG_WARN__DUPLICATE_METHOD_MATCH = YES;
				"CODE_SIGN_IDENTITY[sdk=iphoneos*]" = "iPhone Developer";
				COPY_PHASE_STRIP = NO;
				DEBUG_INFORMATION_FORMAT = "dwarf-with-dsym";
				ENABLE_NS_ASSERTIONS = NO;
				ENABLE_STRICT_OBJC_MSGSEND = YES;
				GCC_C_LANGUAGE_STANDARD = gnu99;
				GCC_NO_COMMON_BLOCKS = YES;
				GCC_WARN_64_TO_32_BIT_CONVERSION = YES;
				GCC_WARN_ABOUT_RETURN_TYPE = YES_ERROR;
				GCC_WARN_UNDECLARED_SELECTOR = YES;
				GCC_WARN_UNINITIALIZED_AUTOS = YES_AGGRESSIVE;
				GCC_WARN_UNUSED_FUNCTION = YES;
				GCC_WARN_UNUSED_VARIABLE = YES;
				IPHONEOS_DEPLOYMENT_TARGET = 10.1;
				MTL_ENABLE_DEBUG_INFO = NO;
				SDKROOT = iphoneos;
				SWIFT_OPTIMIZATION_LEVEL = "-Owholemodule";
				VALIDATE_PRODUCT = YES;
			};
			name = Release;
		};
		B90186AD1DD8547D00E80099 /* Debug */ = {
			isa = XCBuildConfiguration;
			buildSettings = {
				ASSETCATALOG_COMPILER_APPICON_NAME = AppIcon;
				DEVELOPMENT_TEAM = SF7XN9ZB4C;
				INFOPLIST_FILE = SelfieShare/Info.plist;
				LD_RUNPATH_SEARCH_PATHS = "$(inherited) @executable_path/Frameworks";
				PRODUCT_BUNDLE_IDENTIFIER = com.jarofgoblins.SelfieShare;
				PRODUCT_NAME = "$(TARGET_NAME)";
				SWIFT_VERSION = 3.0;
			};
			name = Debug;
		};
		B90186AE1DD8547D00E80099 /* Release */ = {
			isa = XCBuildConfiguration;
			buildSettings = {
				ASSETCATALOG_COMPILER_APPICON_NAME = AppIcon;
				DEVELOPMENT_TEAM = SF7XN9ZB4C;
				INFOPLIST_FILE = SelfieShare/Info.plist;
				LD_RUNPATH_SEARCH_PATHS = "$(inherited) @executable_path/Frameworks";
				PRODUCT_BUNDLE_IDENTIFIER = com.jarofgoblins.SelfieShare;
				PRODUCT_NAME = "$(TARGET_NAME)";
				SWIFT_VERSION = 3.0;
			};
			name = Release;
		};
/* End XCBuildConfiguration section */

/* Begin XCConfigurationList section */
		B90186951DD8547D00E80099 /* Build configuration list for PBXProject "SelfieShare" */ = {
			isa = XCConfigurationList;
			buildConfigurations = (
				B90186AA1DD8547D00E80099 /* Debug */,
				B90186AB1DD8547D00E80099 /* Release */,
			);
			defaultConfigurationIsVisible = 0;
			defaultConfigurationName = Release;
		};
		B90186AC1DD8547D00E80099 /* Build configuration list for PBXNativeTarget "SelfieShare" */ = {
			isa = XCConfigurationList;
			buildConfigurations = (
				B90186AD1DD8547D00E80099 /* Debug */,
				B90186AE1DD8547D00E80099 /* Release */,
			);
			defaultConfigurationIsVisible = 0;
		};
/* End XCConfigurationList section */
	};
	rootObject = B90186921DD8547D00E80099 /* Project object */;
}
