// !$*UTF8*$!
{
	archiveVersion = 1;
	classes = {
	};
	objectVersion = 46;
	objects = {

/* Begin PBXBuildFile section */
		B9636DD71DE6F0B7006E27CF /* AppDelegate.swift in Sources */ = {isa = PBXBuildFile; fileRef = B9636DD61DE6F0B7006E27CF /* AppDelegate.swift */; };
		B9636DD91DE6F0B7006E27CF /* ViewController.swift in Sources */ = {isa = PBXBuildFile; fileRef = B9636DD81DE6F0B7006E27CF /* ViewController.swift */; };
		B9636DDC1DE6F0B7006E27CF /* Main.storyboard in Resources */ = {isa = PBXBuildFile; fileRef = B9636DDA1DE6F0B7006E27CF /* Main.storyboard */; };
		B9636DDE1DE6F0B7006E27CF /* Assets.xcassets in Resources */ = {isa = PBXBuildFile; fileRef = B9636DDD1DE6F0B7006E27CF /* Assets.xcassets */; };
		B9636DE11DE6F0B7006E27CF /* LaunchScreen.storyboard in Resources */ = {isa = PBXBuildFile; fileRef = B9636DDF1DE6F0B7006E27CF /* LaunchScreen.storyboard */; };
		B9636DEC1DE6F0B7006E27CF /* UnitTestingTests.swift in Sources */ = {isa = PBXBuildFile; fileRef = B9636DEB1DE6F0B7006E27CF /* UnitTestingTests.swift */; };
		B9636DF71DE6F0B7006E27CF /* UnitTestingUITests.swift in Sources */ = {isa = PBXBuildFile; fileRef = B9636DF61DE6F0B7006E27CF /* UnitTestingUITests.swift */; };
		B9636E051DE6F167006E27CF /* plays.txt in Resources */ = {isa = PBXBuildFile; fileRef = B9636E041DE6F167006E27CF /* plays.txt */; };
/* End PBXBuildFile section */

/* Begin PBXContainerItemProxy section */
		B9636DE81DE6F0B7006E27CF /* PBXContainerItemProxy */ = {
			isa = PBXContainerItemProxy;
			containerPortal = B9636DCB1DE6F0B7006E27CF /* Project object */;
			proxyType = 1;
			remoteGlobalIDString = B9636DD21DE6F0B7006E27CF;
			remoteInfo = UnitTesting;
		};
		B9636DF31DE6F0B7006E27CF /* PBXContainerItemProxy */ = {
			isa = PBXContainerItemProxy;
			containerPortal = B9636DCB1DE6F0B7006E27CF /* Project object */;
			proxyType = 1;
			remoteGlobalIDString = B9636DD21DE6F0B7006E27CF;
			remoteInfo = UnitTesting;
		};
/* End PBXContainerItemProxy section */

/* Begin PBXFileReference section */
		B9636DD31DE6F0B7006E27CF /* UnitTesting.app */ = {isa = PBXFileReference; explicitFileType = wrapper.application; includeInIndex = 0; path = UnitTesting.app; sourceTree = BUILT_PRODUCTS_DIR; };
		B9636DD61DE6F0B7006E27CF /* AppDelegate.swift */ = {isa = PBXFileReference; lastKnownFileType = sourcecode.swift; path = AppDelegate.swift; sourceTree = "<group>"; };
		B9636DD81DE6F0B7006E27CF /* ViewController.swift */ = {isa = PBXFileReference; lastKnownFileType = sourcecode.swift; path = ViewController.swift; sourceTree = "<group>"; };
		B9636DDB1DE6F0B7006E27CF /* Base */ = {isa = PBXFileReference; lastKnownFileType = file.storyboard; name = Base; path = Base.lproj/Main.storyboard; sourceTree = "<group>"; };
		B9636DDD1DE6F0B7006E27CF /* Assets.xcassets */ = {isa = PBXFileReference; lastKnownFileType = folder.assetcatalog; path = Assets.xcassets; sourceTree = "<group>"; };
		B9636DE01DE6F0B7006E27CF /* Base */ = {isa = PBXFileReference; lastKnownFileType = file.storyboard; name = Base; path = Base.lproj/LaunchScreen.storyboard; sourceTree = "<group>"; };
		B9636DE21DE6F0B7006E27CF /* Info.plist */ = {isa = PBXFileReference; lastKnownFileType = text.plist.xml; path = Info.plist; sourceTree = "<group>"; };
		B9636DE71DE6F0B7006E27CF /* UnitTestingTests.xctest */ = {isa = PBXFileReference; explicitFileType = wrapper.cfbundle; includeInIndex = 0; path = UnitTestingTests.xctest; sourceTree = BUILT_PRODUCTS_DIR; };
		B9636DEB1DE6F0B7006E27CF /* UnitTestingTests.swift */ = {isa = PBXFileReference; lastKnownFileType = sourcecode.swift; path = UnitTestingTests.swift; sourceTree = "<group>"; };
		B9636DED1DE6F0B7006E27CF /* Info.plist */ = {isa = PBXFileReference; lastKnownFileType = text.plist.xml; path = Info.plist; sourceTree = "<group>"; };
		B9636DF21DE6F0B7006E27CF /* UnitTestingUITests.xctest */ = {isa = PBXFileReference; explicitFileType = wrapper.cfbundle; includeInIndex = 0; path = UnitTestingUITests.xctest; sourceTree = BUILT_PRODUCTS_DIR; };
		B9636DF61DE6F0B7006E27CF /* UnitTestingUITests.swift */ = {isa = PBXFileReference; lastKnownFileType = sourcecode.swift; path = UnitTestingUITests.swift; sourceTree = "<group>"; };
		B9636DF81DE6F0B7006E27CF /* Info.plist */ = {isa = PBXFileReference; lastKnownFileType = text.plist.xml; path = Info.plist; sourceTree = "<group>"; };
		B9636E041DE6F167006E27CF /* plays.txt */ = {isa = PBXFileReference; fileEncoding = 4; lastKnownFileType = text; path = plays.txt; sourceTree = "<group>"; };
/* End PBXFileReference section */

/* Begin PBXFrameworksBuildPhase section */
		B9636DD01DE6F0B7006E27CF /* Frameworks */ = {
			isa = PBXFrameworksBuildPhase;
			buildActionMask = 2147483647;
			files = (
			);
			runOnlyForDeploymentPostprocessing = 0;
		};
		B9636DE41DE6F0B7006E27CF /* Frameworks */ = {
			isa = PBXFrameworksBuildPhase;
			buildActionMask = 2147483647;
			files = (
			);
			runOnlyForDeploymentPostprocessing = 0;
		};
		B9636DEF1DE6F0B7006E27CF /* Frameworks */ = {
			isa = PBXFrameworksBuildPhase;
			buildActionMask = 2147483647;
			files = (
			);
			runOnlyForDeploymentPostprocessing = 0;
		};
/* End PBXFrameworksBuildPhase section */

/* Begin PBXGroup section */
		B9636DCA1DE6F0B7006E27CF = {
			isa = PBXGroup;
			children = (
				B9636DD51DE6F0B7006E27CF /* UnitTesting */,
				B9636DEA1DE6F0B7006E27CF /* UnitTestingTests */,
				B9636DF51DE6F0B7006E27CF /* UnitTestingUITests */,
				B9636DD41DE6F0B7006E27CF /* Products */,
			);
			sourceTree = "<group>";
		};
		B9636DD41DE6F0B7006E27CF /* Products */ = {
			isa = PBXGroup;
			children = (
				B9636DD31DE6F0B7006E27CF /* UnitTesting.app */,
				B9636DE71DE6F0B7006E27CF /* UnitTestingTests.xctest */,
				B9636DF21DE6F0B7006E27CF /* UnitTestingUITests.xctest */,
			);
			name = Products;
			sourceTree = "<group>";
		};
		B9636DD51DE6F0B7006E27CF /* UnitTesting */ = {
			isa = PBXGroup;
			children = (
				B9636DD61DE6F0B7006E27CF /* AppDelegate.swift */,
				B9636DD81DE6F0B7006E27CF /* ViewController.swift */,
				B9636DDA1DE6F0B7006E27CF /* Main.storyboard */,
				B9636DDD1DE6F0B7006E27CF /* Assets.xcassets */,
				B9636DDF1DE6F0B7006E27CF /* LaunchScreen.storyboard */,
				B9636E041DE6F167006E27CF /* plays.txt */,
				B9636DE21DE6F0B7006E27CF /* Info.plist */,
			);
			path = UnitTesting;
			sourceTree = "<group>";
		};
		B9636DEA1DE6F0B7006E27CF /* UnitTestingTests */ = {
			isa = PBXGroup;
			children = (
				B9636DEB1DE6F0B7006E27CF /* UnitTestingTests.swift */,
				B9636DED1DE6F0B7006E27CF /* Info.plist */,
			);
			path = UnitTestingTests;
			sourceTree = "<group>";
		};
		B9636DF51DE6F0B7006E27CF /* UnitTestingUITests */ = {
			isa = PBXGroup;
			children = (
				B9636DF61DE6F0B7006E27CF /* UnitTestingUITests.swift */,
				B9636DF81DE6F0B7006E27CF /* Info.plist */,
			);
			path = UnitTestingUITests;
			sourceTree = "<group>";
		};
/* End PBXGroup section */

/* Begin PBXNativeTarget section */
		B9636DD21DE6F0B7006E27CF /* UnitTesting */ = {
			isa = PBXNativeTarget;
			buildConfigurationList = B9636DFB1DE6F0B7006E27CF /* Build configuration list for PBXNativeTarget "UnitTesting" */;
			buildPhases = (
				B9636DCF1DE6F0B7006E27CF /* Sources */,
				B9636DD01DE6F0B7006E27CF /* Frameworks */,
				B9636DD11DE6F0B7006E27CF /* Resources */,
			);
			buildRules = (
			);
			dependencies = (
			);
			name = UnitTesting;
			productName = UnitTesting;
			productReference = B9636DD31DE6F0B7006E27CF /* UnitTesting.app */;
			productType = "com.apple.product-type.application";
		};
		B9636DE61DE6F0B7006E27CF /* UnitTestingTests */ = {
			isa = PBXNativeTarget;
			buildConfigurationList = B9636DFE1DE6F0B7006E27CF /* Build configuration list for PBXNativeTarget "UnitTestingTests" */;
			buildPhases = (
				B9636DE31DE6F0B7006E27CF /* Sources */,
				B9636DE41DE6F0B7006E27CF /* Frameworks */,
				B9636DE51DE6F0B7006E27CF /* Resources */,
			);
			buildRules = (
			);
			dependencies = (
				B9636DE91DE6F0B7006E27CF /* PBXTargetDependency */,
			);
			name = UnitTestingTests;
			productName = UnitTestingTests;
			productReference = B9636DE71DE6F0B7006E27CF /* UnitTestingTests.xctest */;
			productType = "com.apple.product-type.bundle.unit-test";
		};
		B9636DF11DE6F0B7006E27CF /* UnitTestingUITests */ = {
			isa = PBXNativeTarget;
			buildConfigurationList = B9636E011DE6F0B7006E27CF /* Build configuration list for PBXNativeTarget "UnitTestingUITests" */;
			buildPhases = (
				B9636DEE1DE6F0B7006E27CF /* Sources */,
				B9636DEF1DE6F0B7006E27CF /* Frameworks */,
				B9636DF01DE6F0B7006E27CF /* Resources */,
			);
			buildRules = (
			);
			dependencies = (
				B9636DF41DE6F0B7006E27CF /* PBXTargetDependency */,
			);
			name = UnitTestingUITests;
			productName = UnitTestingUITests;
			productReference = B9636DF21DE6F0B7006E27CF /* UnitTestingUITests.xctest */;
			productType = "com.apple.product-type.bundle.ui-testing";
		};
/* End PBXNativeTarget section */

/* Begin PBXProject section */
		B9636DCB1DE6F0B7006E27CF /* Project object */ = {
			isa = PBXProject;
			attributes = {
				LastSwiftUpdateCheck = 0810;
				LastUpgradeCheck = 0810;
				ORGANIZATIONNAME = "David Petrofsky";
				TargetAttributes = {
					B9636DD21DE6F0B7006E27CF = {
						CreatedOnToolsVersion = 8.1;
						DevelopmentTeam = SF7XN9ZB4C;
						ProvisioningStyle = Automatic;
					};
					B9636DE61DE6F0B7006E27CF = {
						CreatedOnToolsVersion = 8.1;
						DevelopmentTeam = SF7XN9ZB4C;
						ProvisioningStyle = Automatic;
						TestTargetID = B9636DD21DE6F0B7006E27CF;
					};
					B9636DF11DE6F0B7006E27CF = {
						CreatedOnToolsVersion = 8.1;
						DevelopmentTeam = SF7XN9ZB4C;
						ProvisioningStyle = Automatic;
						TestTargetID = B9636DD21DE6F0B7006E27CF;
					};
				};
			};
			buildConfigurationList = B9636DCE1DE6F0B7006E27CF /* Build configuration list for PBXProject "UnitTesting" */;
			compatibilityVersion = "Xcode 3.2";
			developmentRegion = English;
			hasScannedForEncodings = 0;
			knownRegions = (
				en,
				Base,
			);
			mainGroup = B9636DCA1DE6F0B7006E27CF;
			productRefGroup = B9636DD41DE6F0B7006E27CF /* Products */;
			projectDirPath = "";
			projectRoot = "";
			targets = (
				B9636DD21DE6F0B7006E27CF /* UnitTesting */,
				B9636DE61DE6F0B7006E27CF /* UnitTestingTests */,
				B9636DF11DE6F0B7006E27CF /* UnitTestingUITests */,
			);
		};
/* End PBXProject section */

/* Begin PBXResourcesBuildPhase section */
		B9636DD11DE6F0B7006E27CF /* Resources */ = {
			isa = PBXResourcesBuildPhase;
			buildActionMask = 2147483647;
			files = (
				B9636E051DE6F167006E27CF /* plays.txt in Resources */,
				B9636DE11DE6F0B7006E27CF /* LaunchScreen.storyboard in Resources */,
				B9636DDE1DE6F0B7006E27CF /* Assets.xcassets in Resources */,
				B9636DDC1DE6F0B7006E27CF /* Main.storyboard in Resources */,
			);
			runOnlyForDeploymentPostprocessing = 0;
		};
		B9636DE51DE6F0B7006E27CF /* Resources */ = {
			isa = PBXResourcesBuildPhase;
			buildActionMask = 2147483647;
			files = (
			);
			runOnlyForDeploymentPostprocessing = 0;
		};
		B9636DF01DE6F0B7006E27CF /* Resources */ = {
			isa = PBXResourcesBuildPhase;
			buildActionMask = 2147483647;
			files = (
			);
			runOnlyForDeploymentPostprocessing = 0;
		};
/* End PBXResourcesBuildPhase section */

/* Begin PBXSourcesBuildPhase section */
		B9636DCF1DE6F0B7006E27CF /* Sources */ = {
			isa = PBXSourcesBuildPhase;
			buildActionMask = 2147483647;
			files = (
				B9636DD91DE6F0B7006E27CF /* ViewController.swift in Sources */,
				B9636DD71DE6F0B7006E27CF /* AppDelegate.swift in Sources */,
			);
			runOnlyForDeploymentPostprocessing = 0;
		};
		B9636DE31DE6F0B7006E27CF /* Sources */ = {
			isa = PBXSourcesBuildPhase;
			buildActionMask = 2147483647;
			files = (
				B9636DEC1DE6F0B7006E27CF /* UnitTestingTests.swift in Sources */,
			);
			runOnlyForDeploymentPostprocessing = 0;
		};
		B9636DEE1DE6F0B7006E27CF /* Sources */ = {
			isa = PBXSourcesBuildPhase;
			buildActionMask = 2147483647;
			files = (
				B9636DF71DE6F0B7006E27CF /* UnitTestingUITests.swift in Sources */,
			);
			runOnlyForDeploymentPostprocessing = 0;
		};
/* End PBXSourcesBuildPhase section */

/* Begin PBXTargetDependency section */
		B9636DE91DE6F0B7006E27CF /* PBXTargetDependency */ = {
			isa = PBXTargetDependency;
			target = B9636DD21DE6F0B7006E27CF /* UnitTesting */;
			targetProxy = B9636DE81DE6F0B7006E27CF /* PBXContainerItemProxy */;
		};
		B9636DF41DE6F0B7006E27CF /* PBXTargetDependency */ = {
			isa = PBXTargetDependency;
			target = B9636DD21DE6F0B7006E27CF /* UnitTesting */;
			targetProxy = B9636DF31DE6F0B7006E27CF /* PBXContainerItemProxy */;
		};
/* End PBXTargetDependency section */

/* Begin PBXVariantGroup section */
		B9636DDA1DE6F0B7006E27CF /* Main.storyboard */ = {
			isa = PBXVariantGroup;
			children = (
				B9636DDB1DE6F0B7006E27CF /* Base */,
			);
			name = Main.storyboard;
			sourceTree = "<group>";
		};
		B9636DDF1DE6F0B7006E27CF /* LaunchScreen.storyboard */ = {
			isa = PBXVariantGroup;
			children = (
				B9636DE01DE6F0B7006E27CF /* Base */,
			);
			name = LaunchScreen.storyboard;
			sourceTree = "<group>";
		};
/* End PBXVariantGroup section */

/* Begin XCBuildConfiguration section */
		B9636DF91DE6F0B7006E27CF /* Debug */ = {
			isa = XCBuildConfiguration;
			buildSettings = {
				ALWAYS_SEARCH_USER_PATHS = NO;
				CLANG_ANALYZER_NONNULL = YES;
				CLANG_CXX_LANGUAGE_STANDARD = "gnu++0x";
				CLANG_CXX_LIBRARY = "libc++";
				CLANG_ENABLE_MODULES = YES;
				CLANG_ENABLE_OBJC_ARC = YES;
				CLANG_WARN_BOOL_CONVERSION = YES;
				CLANG_WARN_CONSTANT_CONVERSION = YES;
				CLANG_WARN_DIRECT_OBJC_ISA_USAGE = YES_ERROR;
				CLANG_WARN_DOCUMENTATION_COMMENTS = YES;
				CLANG_WARN_EMPTY_BODY = YES;
				CLANG_WARN_ENUM_CONVERSION = YES;
				CLANG_WARN_INFINITE_RECURSION = YES;
				CLANG_WARN_INT_CONVERSION = YES;
				CLANG_WARN_OBJC_ROOT_CLASS = YES_ERROR;
				CLANG_WARN_SUSPICIOUS_MOVES = YES;
				CLANG_WARN_UNREACHABLE_CODE = YES;
				CLANG_WARN__DUPLICATE_METHOD_MATCH = YES;
				"CODE_SIGN_IDENTITY[sdk=iphoneos*]" = "iPhone Developer";
				COPY_PHASE_STRIP = NO;
				DEBUG_INFORMATION_FORMAT = dwarf;
				ENABLE_STRICT_OBJC_MSGSEND = YES;
				ENABLE_TESTABILITY = YES;
				GCC_C_LANGUAGE_STANDARD = gnu99;
				GCC_DYNAMIC_NO_PIC = NO;
				GCC_NO_COMMON_BLOCKS = YES;
				GCC_OPTIMIZATION_LEVEL = 0;
				GCC_PREPROCESSOR_DEFINITIONS = (
					"DEBUG=1",
					"$(inherited)",
				);
				GCC_WARN_64_TO_32_BIT_CONVERSION = YES;
				GCC_WARN_ABOUT_RETURN_TYPE = YES_ERROR;
				GCC_WARN_UNDECLARED_SELECTOR = YES;
				GCC_WARN_UNINITIALIZED_AUTOS = YES_AGGRESSIVE;
				GCC_WARN_UNUSED_FUNCTION = YES;
				GCC_WARN_UNUSED_VARIABLE = YES;
				IPHONEOS_DEPLOYMENT_TARGET = 10.1;
				MTL_ENABLE_DEBUG_INFO = YES;
				ONLY_ACTIVE_ARCH = YES;
				SDKROOT = iphoneos;
				SWIFT_ACTIVE_COMPILATION_CONDITIONS = DEBUG;
				SWIFT_OPTIMIZATION_LEVEL = "-Onone";
				TARGETED_DEVICE_FAMILY = "1,2";
			};
			name = Debug;
		};
		B9636DFA1DE6F0B7006E27CF /* Release */ = {
			isa = XCBuildConfiguration;
			buildSettings = {
				ALWAYS_SEARCH_USER_PATHS = NO;
				CLANG_ANALYZER_NONNULL = YES;
				CLANG_CXX_LANGUAGE_STANDARD = "gnu++0x";
				CLANG_CXX_LIBRARY = "libc++";
				CLANG_ENABLE_MODULES = YES;
				CLANG_ENABLE_OBJC_ARC = YES;
				CLANG_WARN_BOOL_CONVERSION = YES;
				CLANG_WARN_CONSTANT_CONVERSION = YES;
				CLANG_WARN_DIRECT_OBJC_ISA_USAGE = YES_ERROR;
				CLANG_WARN_DOCUMENTATION_COMMENTS = YES;
				CLANG_WARN_EMPTY_BODY = YES;
				CLANG_WARN_ENUM_CONVERSION = YES;
				CLANG_WARN_INFINITE_RECURSION = YES;
				CLANG_WARN_INT_CONVERSION = YES;
				CLANG_WARN_OBJC_ROOT_CLASS = YES_ERROR;
				CLANG_WARN_SUSPICIOUS_MOVES = YES;
				CLANG_WARN_UNREACHABLE_CODE = YES;
				CLANG_WARN__DUPLICATE_METHOD_MATCH = YES;
				"CODE_SIGN_IDENTITY[sdk=iphoneos*]" = "iPhone Developer";
				COPY_PHASE_STRIP = NO;
				DEBUG_INFORMATION_FORMAT = "dwarf-with-dsym";
				ENABLE_NS_ASSERTIONS = NO;
				ENABLE_STRICT_OBJC_MSGSEND = YES;
				GCC_C_LANGUAGE_STANDARD = gnu99;
				GCC_NO_COMMON_BLOCKS = YES;
				GCC_WARN_64_TO_32_BIT_CONVERSION = YES;
				GCC_WARN_ABOUT_RETURN_TYPE = YES_ERROR;
				GCC_WARN_UNDECLARED_SELECTOR = YES;
				GCC_WARN_UNINITIALIZED_AUTOS = YES_AGGRESSIVE;
				GCC_WARN_UNUSED_FUNCTION = YES;
				GCC_WARN_UNUSED_VARIABLE = YES;
				IPHONEOS_DEPLOYMENT_TARGET = 10.1;
				MTL_ENABLE_DEBUG_INFO = NO;
				SDKROOT = iphoneos;
				SWIFT_OPTIMIZATION_LEVEL = "-Owholemodule";
				TARGETED_DEVICE_FAMILY = "1,2";
				VALIDATE_PRODUCT = YES;
			};
			name = Release;
		};
		B9636DFC1DE6F0B7006E27CF /* Debug */ = {
			isa = XCBuildConfiguration;
			buildSettings = {
				ASSETCATALOG_COMPILER_APPICON_NAME = AppIcon;
				DEVELOPMENT_TEAM = SF7XN9ZB4C;
				INFOPLIST_FILE = UnitTesting/Info.plist;
				LD_RUNPATH_SEARCH_PATHS = "$(inherited) @executable_path/Frameworks";
				PRODUCT_BUNDLE_IDENTIFIER = com.jarofgoblins.UnitTesting;
				PRODUCT_NAME = "$(TARGET_NAME)";
				SWIFT_VERSION = 3.0;
			};
			name = Debug;
		};
		B9636DFD1DE6F0B7006E27CF /* Release */ = {
			isa = XCBuildConfiguration;
			buildSettings = {
				ASSETCATALOG_COMPILER_APPICON_NAME = AppIcon;
				DEVELOPMENT_TEAM = SF7XN9ZB4C;
				INFOPLIST_FILE = UnitTesting/Info.plist;
				LD_RUNPATH_SEARCH_PATHS = "$(inherited) @executable_path/Frameworks";
				PRODUCT_BUNDLE_IDENTIFIER = com.jarofgoblins.UnitTesting;
				PRODUCT_NAME = "$(TARGET_NAME)";
				SWIFT_VERSION = 3.0;
			};
			name = Release;
		};
		B9636DFF1DE6F0B7006E27CF /* Debug */ = {
			isa = XCBuildConfiguration;
			buildSettings = {
				ALWAYS_EMBED_SWIFT_STANDARD_LIBRARIES = YES;
				BUNDLE_LOADER = "$(TEST_HOST)";
				DEVELOPMENT_TEAM = SF7XN9ZB4C;
				INFOPLIST_FILE = UnitTestingTests/Info.plist;
				LD_RUNPATH_SEARCH_PATHS = "$(inherited) @executable_path/Frameworks @loader_path/Frameworks";
				PRODUCT_BUNDLE_IDENTIFIER = com.jarofgoblins.UnitTestingTests;
				PRODUCT_NAME = "$(TARGET_NAME)";
				SWIFT_VERSION = 3.0;
				TEST_HOST = "$(BUILT_PRODUCTS_DIR)/UnitTesting.app/UnitTesting";
			};
			name = Debug;
		};
		B9636E001DE6F0B7006E27CF /* Release */ = {
			isa = XCBuildConfiguration;
			buildSettings = {
				ALWAYS_EMBED_SWIFT_STANDARD_LIBRARIES = YES;
				BUNDLE_LOADER = "$(TEST_HOST)";
				DEVELOPMENT_TEAM = SF7XN9ZB4C;
				INFOPLIST_FILE = UnitTestingTests/Info.plist;
				LD_RUNPATH_SEARCH_PATHS = "$(inherited) @executable_path/Frameworks @loader_path/Frameworks";
				PRODUCT_BUNDLE_IDENTIFIER = com.jarofgoblins.UnitTestingTests;
				PRODUCT_NAME = "$(TARGET_NAME)";
				SWIFT_VERSION = 3.0;
				TEST_HOST = "$(BUILT_PRODUCTS_DIR)/UnitTesting.app/UnitTesting";
			};
			name = Release;
		};
		B9636E021DE6F0B7006E27CF /* Debug */ = {
			isa = XCBuildConfiguration;
			buildSettings = {
				ALWAYS_EMBED_SWIFT_STANDARD_LIBRARIES = YES;
				DEVELOPMENT_TEAM = SF7XN9ZB4C;
				INFOPLIST_FILE = UnitTestingUITests/Info.plist;
				LD_RUNPATH_SEARCH_PATHS = "$(inherited) @executable_path/Frameworks @loader_path/Frameworks";
				PRODUCT_BUNDLE_IDENTIFIER = com.jarofgoblins.UnitTestingUITests;
				PRODUCT_NAME = "$(TARGET_NAME)";
				SWIFT_VERSION = 3.0;
				TEST_TARGET_NAME = UnitTesting;
			};
			name = Debug;
		};
		B9636E031DE6F0B7006E27CF /* Release */ = {
			isa = XCBuildConfiguration;
			buildSettings = {
				ALWAYS_EMBED_SWIFT_STANDARD_LIBRARIES = YES;
				DEVELOPMENT_TEAM = SF7XN9ZB4C;
				INFOPLIST_FILE = UnitTestingUITests/Info.plist;
				LD_RUNPATH_SEARCH_PATHS = "$(inherited) @executable_path/Frameworks @loader_path/Frameworks";
				PRODUCT_BUNDLE_IDENTIFIER = com.jarofgoblins.UnitTestingUITests;
				PRODUCT_NAME = "$(TARGET_NAME)";
				SWIFT_VERSION = 3.0;
				TEST_TARGET_NAME = UnitTesting;
			};
			name = Release;
		};
/* End XCBuildConfiguration section */

/* Begin XCConfigurationList section */
		B9636DCE1DE6F0B7006E27CF /* Build configuration list for PBXProject "UnitTesting" */ = {
			isa = XCConfigurationList;
			buildConfigurations = (
				B9636DF91DE6F0B7006E27CF /* Debug */,
				B9636DFA1DE6F0B7006E27CF /* Release */,
			);
			defaultConfigurationIsVisible = 0;
			defaultConfigurationName = Release;
		};
		B9636DFB1DE6F0B7006E27CF /* Build configuration list for PBXNativeTarget "UnitTesting" */ = {
			isa = XCConfigurationList;
			buildConfigurations = (
				B9636DFC1DE6F0B7006E27CF /* Debug */,
				B9636DFD1DE6F0B7006E27CF /* Release */,
			);
			defaultConfigurationIsVisible = 0;
		};
		B9636DFE1DE6F0B7006E27CF /* Build configuration list for PBXNativeTarget "UnitTestingTests" */ = {
			isa = XCConfigurationList;
			buildConfigurations = (
				B9636DFF1DE6F0B7006E27CF /* Debug */,
				B9636E001DE6F0B7006E27CF /* Release */,
			);
			defaultConfigurationIsVisible = 0;
		};
		B9636E011DE6F0B7006E27CF /* Build configuration list for PBXNativeTarget "UnitTestingUITests" */ = {
			isa = XCConfigurationList;
			buildConfigurations = (
				B9636E021DE6F0B7006E27CF /* Debug */,
				B9636E031DE6F0B7006E27CF /* Release */,
			);
			defaultConfigurationIsVisible = 0;
		};
/* End XCConfigurationList section */
	};
	rootObject = B9636DCB1DE6F0B7006E27CF /* Project object */;
}
