// !$*UTF8*$!
{
	archiveVersion = 1;
	classes = {
	};
	objectVersion = 46;
	objects = {

/* Begin PBXBuildFile section */
		B9E71BAA1DE1058000F282D3 /* AppDelegate.swift in Sources */ = {isa = PBXBuildFile; fileRef = B9E71BA91DE1058000F282D3 /* AppDelegate.swift */; };
		B9E71BAC1DE1058000F282D3 /* ViewController.swift in Sources */ = {isa = PBXBuildFile; fileRef = B9E71BAB1DE1058000F282D3 /* ViewController.swift */; };
		B9E71BAF1DE1058000F282D3 /* Main.storyboard in Resources */ = {isa = PBXBuildFile; fileRef = B9E71BAD1DE1058000F282D3 /* Main.storyboard */; };
		B9E71BB11DE1058000F282D3 /* Assets.xcassets in Resources */ = {isa = PBXBuildFile; fileRef = B9E71BB01DE1058000F282D3 /* Assets.xcassets */; };
		B9E71BB41DE1058000F282D3 /* LaunchScreen.storyboard in Resources */ = {isa = PBXBuildFile; fileRef = B9E71BB21DE1058000F282D3 /* LaunchScreen.storyboard */; };
		B9E71BBC1DE10DAB00F282D3 /* Board.swift in Sources */ = {isa = PBXBuildFile; fileRef = B9E71BBB1DE10DAB00F282D3 /* Board.swift */; };
		B9E71BBE1DE11AB500F282D3 /* Player.swift in Sources */ = {isa = PBXBuildFile; fileRef = B9E71BBD1DE11AB500F282D3 /* Player.swift */; };
/* End PBXBuildFile section */

/* Begin PBXFileReference section */
		B9E71BA61DE1058000F282D3 /* FourInARow.app */ = {isa = PBXFileReference; explicitFileType = wrapper.application; includeInIndex = 0; path = FourInARow.app; sourceTree = BUILT_PRODUCTS_DIR; };
		B9E71BA91DE1058000F282D3 /* AppDelegate.swift */ = {isa = PBXFileReference; lastKnownFileType = sourcecode.swift; path = AppDelegate.swift; sourceTree = "<group>"; };
		B9E71BAB1DE1058000F282D3 /* ViewController.swift */ = {isa = PBXFileReference; lastKnownFileType = sourcecode.swift; path = ViewController.swift; sourceTree = "<group>"; };
		B9E71BAE1DE1058000F282D3 /* Base */ = {isa = PBXFileReference; lastKnownFileType = file.storyboard; name = Base; path = Base.lproj/Main.storyboard; sourceTree = "<group>"; };
		B9E71BB01DE1058000F282D3 /* Assets.xcassets */ = {isa = PBXFileReference; lastKnownFileType = folder.assetcatalog; path = Assets.xcassets; sourceTree = "<group>"; };
		B9E71BB31DE1058000F282D3 /* Base */ = {isa = PBXFileReference; lastKnownFileType = file.storyboard; name = Base; path = Base.lproj/LaunchScreen.storyboard; sourceTree = "<group>"; };
		B9E71BB51DE1058000F282D3 /* Info.plist */ = {isa = PBXFileReference; lastKnownFileType = text.plist.xml; path = Info.plist; sourceTree = "<group>"; };
		B9E71BBB1DE10DAB00F282D3 /* Board.swift */ = {isa = PBXFileReference; fileEncoding = 4; lastKnownFileType = sourcecode.swift; path = Board.swift; sourceTree = "<group>"; };
		B9E71BBD1DE11AB500F282D3 /* Player.swift */ = {isa = PBXFileReference; fileEncoding = 4; lastKnownFileType = sourcecode.swift; path = Player.swift; sourceTree = "<group>"; };
/* End PBXFileReference section */

/* Begin PBXFrameworksBuildPhase section */
		B9E71BA31DE1058000F282D3 /* Frameworks */ = {
			isa = PBXFrameworksBuildPhase;
			buildActionMask = 2147483647;
			files = (
			);
			runOnlyForDeploymentPostprocessing = 0;
		};
/* End PBXFrameworksBuildPhase section */

/* Begin PBXGroup section */
		B9E71B9D1DE1058000F282D3 = {
			isa = PBXGroup;
			children = (
				B9E71BA81DE1058000F282D3 /* FourInARow */,
				B9E71BA71DE1058000F282D3 /* Products */,
			);
			sourceTree = "<group>";
		};
		B9E71BA71DE1058000F282D3 /* Products */ = {
			isa = PBXGroup;
			children = (
				B9E71BA61DE1058000F282D3 /* FourInARow.app */,
			);
			name = Products;
			sourceTree = "<group>";
		};
		B9E71BA81DE1058000F282D3 /* FourInARow */ = {
			isa = PBXGroup;
			children = (
				B9E71BA91DE1058000F282D3 /* AppDelegate.swift */,
				B9E71BAB1DE1058000F282D3 /* ViewController.swift */,
				B9E71BAD1DE1058000F282D3 /* Main.storyboard */,
				B9E71BBB1DE10DAB00F282D3 /* Board.swift */,
				B9E71BBD1DE11AB500F282D3 /* Player.swift */,
				B9E71BB01DE1058000F282D3 /* Assets.xcassets */,
				B9E71BB21DE1058000F282D3 /* LaunchScreen.storyboard */,
				B9E71BB51DE1058000F282D3 /* Info.plist */,
			);
			path = FourInARow;
			sourceTree = "<group>";
		};
/* End PBXGroup section */

/* Begin PBXNativeTarget section */
		B9E71BA51DE1058000F282D3 /* FourInARow */ = {
			isa = PBXNativeTarget;
			buildConfigurationList = B9E71BB81DE1058000F282D3 /* Build configuration list for PBXNativeTarget "FourInARow" */;
			buildPhases = (
				B9E71BA21DE1058000F282D3 /* Sources */,
				B9E71BA31DE1058000F282D3 /* Frameworks */,
				B9E71BA41DE1058000F282D3 /* Resources */,
			);
			buildRules = (
			);
			dependencies = (
			);
			name = FourInARow;
			productName = FourInARow;
			productReference = B9E71BA61DE1058000F282D3 /* FourInARow.app */;
			productType = "com.apple.product-type.application";
		};
/* End PBXNativeTarget section */

/* Begin PBXProject section */
		B9E71B9E1DE1058000F282D3 /* Project object */ = {
			isa = PBXProject;
			attributes = {
				LastSwiftUpdateCheck = 0810;
				LastUpgradeCheck = 0810;
				ORGANIZATIONNAME = "David Petrofsky";
				TargetAttributes = {
					B9E71BA51DE1058000F282D3 = {
						CreatedOnToolsVersion = 8.1;
						DevelopmentTeam = SF7XN9ZB4C;
						ProvisioningStyle = Automatic;
					};
				};
			};
			buildConfigurationList = B9E71BA11DE1058000F282D3 /* Build configuration list for PBXProject "FourInARow" */;
			compatibilityVersion = "Xcode 3.2";
			developmentRegion = English;
			hasScannedForEncodings = 0;
			knownRegions = (
				en,
				Base,
			);
			mainGroup = B9E71B9D1DE1058000F282D3;
			productRefGroup = B9E71BA71DE1058000F282D3 /* Products */;
			projectDirPath = "";
			projectRoot = "";
			targets = (
				B9E71BA51DE1058000F282D3 /* FourInARow */,
			);
		};
/* End PBXProject section */

/* Begin PBXResourcesBuildPhase section */
		B9E71BA41DE1058000F282D3 /* Resources */ = {
			isa = PBXResourcesBuildPhase;
			buildActionMask = 2147483647;
			files = (
				B9E71BB41DE1058000F282D3 /* LaunchScreen.storyboard in Resources */,
				B9E71BB11DE1058000F282D3 /* Assets.xcassets in Resources */,
				B9E71BAF1DE1058000F282D3 /* Main.storyboard in Resources */,
			);
			runOnlyForDeploymentPostprocessing = 0;
		};
/* End PBXResourcesBuildPhase section */

/* Begin PBXSourcesBuildPhase section */
		B9E71BA21DE1058000F282D3 /* Sources */ = {
			isa = PBXSourcesBuildPhase;
			buildActionMask = 2147483647;
			files = (
				B9E71BBE1DE11AB500F282D3 /* Player.swift in Sources */,
				B9E71BAC1DE1058000F282D3 /* ViewController.swift in Sources */,
				B9E71BAA1DE1058000F282D3 /* AppDelegate.swift in Sources */,
				B9E71BBC1DE10DAB00F282D3 /* Board.swift in Sources */,
			);
			runOnlyForDeploymentPostprocessing = 0;
		};
/* End PBXSourcesBuildPhase section */

/* Begin PBXVariantGroup section */
		B9E71BAD1DE1058000F282D3 /* Main.storyboard */ = {
			isa = PBXVariantGroup;
			children = (
				B9E71BAE1DE1058000F282D3 /* Base */,
			);
			name = Main.storyboard;
			sourceTree = "<group>";
		};
		B9E71BB21DE1058000F282D3 /* LaunchScreen.storyboard */ = {
			isa = PBXVariantGroup;
			children = (
				B9E71BB31DE1058000F282D3 /* Base */,
			);
			name = LaunchScreen.storyboard;
			sourceTree = "<group>";
		};
/* End PBXVariantGroup section */

/* Begin XCBuildConfiguration section */
		B9E71BB61DE1058000F282D3 /* Debug */ = {
			isa = XCBuildConfiguration;
			buildSettings = {
				ALWAYS_SEARCH_USER_PATHS = NO;
				CLANG_ANALYZER_NONNULL = YES;
				CLANG_CXX_LANGUAGE_STANDARD = "gnu++0x";
				CLANG_CXX_LIBRARY = "libc++";
				CLANG_ENABLE_MODULES = YES;
				CLANG_ENABLE_OBJC_ARC = YES;
				CLANG_WARN_BOOL_CONVERSION = YES;
				CLANG_WARN_CONSTANT_CONVERSION = YES;
				CLANG_WARN_DIRECT_OBJC_ISA_USAGE = YES_ERROR;
				CLANG_WARN_DOCUMENTATION_COMMENTS = YES;
				CLANG_WARN_EMPTY_BODY = YES;
				CLANG_WARN_ENUM_CONVERSION = YES;
				CLANG_WARN_INFINITE_RECURSION = YES;
				CLANG_WARN_INT_CONVERSION = YES;
				CLANG_WARN_OBJC_ROOT_CLASS = YES_ERROR;
				CLANG_WARN_SUSPICIOUS_MOVES = YES;
				CLANG_WARN_UNREACHABLE_CODE = YES;
				CLANG_WARN__DUPLICATE_METHOD_MATCH = YES;
				"CODE_SIGN_IDENTITY[sdk=iphoneos*]" = "iPhone Developer";
				COPY_PHASE_STRIP = NO;
				DEBUG_INFORMATION_FORMAT = dwarf;
				ENABLE_STRICT_OBJC_MSGSEND = YES;
				ENABLE_TESTABILITY = YES;
				GCC_C_LANGUAGE_STANDARD = gnu99;
				GCC_DYNAMIC_NO_PIC = NO;
				GCC_NO_COMMON_BLOCKS = YES;
				GCC_OPTIMIZATION_LEVEL = 0;
				GCC_PREPROCESSOR_DEFINITIONS = (
					"DEBUG=1",
					"$(inherited)",
				);
				GCC_WARN_64_TO_32_BIT_CONVERSION = YES;
				GCC_WARN_ABOUT_RETURN_TYPE = YES_ERROR;
				GCC_WARN_UNDECLARED_SELECTOR = YES;
				GCC_WARN_UNINITIALIZED_AUTOS = YES_AGGRESSIVE;
				GCC_WARN_UNUSED_FUNCTION = YES;
				GCC_WARN_UNUSED_VARIABLE = YES;
				IPHONEOS_DEPLOYMENT_TARGET = 10.1;
				MTL_ENABLE_DEBUG_INFO = YES;
				ONLY_ACTIVE_ARCH = YES;
				SDKROOT = iphoneos;
				SWIFT_ACTIVE_COMPILATION_CONDITIONS = DEBUG;
				SWIFT_OPTIMIZATION_LEVEL = "-Onone";
				TARGETED_DEVICE_FAMILY = 2;
			};
			name = Debug;
		};
		B9E71BB71DE1058000F282D3 /* Release */ = {
			isa = XCBuildConfiguration;
			buildSettings = {
				ALWAYS_SEARCH_USER_PATHS = NO;
				CLANG_ANALYZER_NONNULL = YES;
				CLANG_CXX_LANGUAGE_STANDARD = "gnu++0x";
				CLANG_CXX_LIBRARY = "libc++";
				CLANG_ENABLE_MODULES = YES;
				CLANG_ENABLE_OBJC_ARC = YES;
				CLANG_WARN_BOOL_CONVERSION = YES;
				CLANG_WARN_CONSTANT_CONVERSION = YES;
				CLANG_WARN_DIRECT_OBJC_ISA_USAGE = YES_ERROR;
				CLANG_WARN_DOCUMENTATION_COMMENTS = YES;
				CLANG_WARN_EMPTY_BODY = YES;
				CLANG_WARN_ENUM_CONVERSION = YES;
				CLANG_WARN_INFINITE_RECURSION = YES;
				CLANG_WARN_INT_CONVERSION = YES;
				CLANG_WARN_OBJC_ROOT_CLASS = YES_ERROR;
				CLANG_WARN_SUSPICIOUS_MOVES = YES;
				CLANG_WARN_UNREACHABLE_CODE = YES;
				CLANG_WARN__DUPLICATE_METHOD_MATCH = YES;
				"CODE_SIGN_IDENTITY[sdk=iphoneos*]" = "iPhone Developer";
				COPY_PHASE_STRIP = NO;
				DEBUG_INFORMATION_FORMAT = "dwarf-with-dsym";
				ENABLE_NS_ASSERTIONS = NO;
				ENABLE_STRICT_OBJC_MSGSEND = YES;
				GCC_C_LANGUAGE_STANDARD = gnu99;
				GCC_NO_COMMON_BLOCKS = YES;
				GCC_WARN_64_TO_32_BIT_CONVERSION = YES;
				GCC_WARN_ABOUT_RETURN_TYPE = YES_ERROR;
				GCC_WARN_UNDECLARED_SELECTOR = YES;
				GCC_WARN_UNINITIALIZED_AUTOS = YES_AGGRESSIVE;
				GCC_WARN_UNUSED_FUNCTION = YES;
				GCC_WARN_UNUSED_VARIABLE = YES;
				IPHONEOS_DEPLOYMENT_TARGET = 10.1;
				MTL_ENABLE_DEBUG_INFO = NO;
				SDKROOT = iphoneos;
				SWIFT_OPTIMIZATION_LEVEL = "-Owholemodule";
				TARGETED_DEVICE_FAMILY = 2;
				VALIDATE_PRODUCT = YES;
			};
			name = Release;
		};
		B9E71BB91DE1058000F282D3 /* Debug */ = {
			isa = XCBuildConfiguration;
			buildSettings = {
				ASSETCATALOG_COMPILER_APPICON_NAME = AppIcon;
				DEVELOPMENT_TEAM = SF7XN9ZB4C;
				INFOPLIST_FILE = FourInARow/Info.plist;
				LD_RUNPATH_SEARCH_PATHS = "$(inherited) @executable_path/Frameworks";
				PRODUCT_BUNDLE_IDENTIFIER = com.jarofgoblins.FourInARow;
				PRODUCT_NAME = "$(TARGET_NAME)";
				SWIFT_VERSION = 3.0;
			};
			name = Debug;
		};
		B9E71BBA1DE1058000F282D3 /* Release */ = {
			isa = XCBuildConfiguration;
			buildSettings = {
				ASSETCATALOG_COMPILER_APPICON_NAME = AppIcon;
				DEVELOPMENT_TEAM = SF7XN9ZB4C;
				INFOPLIST_FILE = FourInARow/Info.plist;
				LD_RUNPATH_SEARCH_PATHS = "$(inherited) @executable_path/Frameworks";
				PRODUCT_BUNDLE_IDENTIFIER = com.jarofgoblins.FourInARow;
				PRODUCT_NAME = "$(TARGET_NAME)";
				SWIFT_VERSION = 3.0;
			};
			name = Release;
		};
/* End XCBuildConfiguration section */

/* Begin XCConfigurationList section */
		B9E71BA11DE1058000F282D3 /* Build configuration list for PBXProject "FourInARow" */ = {
			isa = XCConfigurationList;
			buildConfigurations = (
				B9E71BB61DE1058000F282D3 /* Debug */,
				B9E71BB71DE1058000F282D3 /* Release */,
			);
			defaultConfigurationIsVisible = 0;
			defaultConfigurationName = Release;
		};
		B9E71BB81DE1058000F282D3 /* Build configuration list for PBXNativeTarget "FourInARow" */ = {
			isa = XCConfigurationList;
			buildConfigurations = (
				B9E71BB91DE1058000F282D3 /* Debug */,
				B9E71BBA1DE1058000F282D3 /* Release */,
			);
			defaultConfigurationIsVisible = 0;
		};
/* End XCConfigurationList section */
	};
	rootObject = B9E71B9E1DE1058000F282D3 /* Project object */;
}
