// !$*UTF8*$!
{
	archiveVersion = 1;
	classes = {
	};
	objectVersion = 46;
	objects = {

/* Begin PBXBuildFile section */
		B9C3A9BF1DBEDD590031E4AE /* AppDelegate.swift in Sources */ = {isa = PBXBuildFile; fileRef = B9C3A9BE1DBEDD590031E4AE /* AppDelegate.swift */; };
		B9C3A9C11DBEDD590031E4AE /* ViewController.swift in Sources */ = {isa = PBXBuildFile; fileRef = B9C3A9C01DBEDD590031E4AE /* ViewController.swift */; };
		B9C3A9C41DBEDD590031E4AE /* Main.storyboard in Resources */ = {isa = PBXBuildFile; fileRef = B9C3A9C21DBEDD590031E4AE /* Main.storyboard */; };
		B9C3A9C61DBEDD590031E4AE /* Assets.xcassets in Resources */ = {isa = PBXBuildFile; fileRef = B9C3A9C51DBEDD590031E4AE /* Assets.xcassets */; };
		B9C3A9C91DBEDD590031E4AE /* LaunchScreen.storyboard in Resources */ = {isa = PBXBuildFile; fileRef = B9C3A9C71DBEDD590031E4AE /* LaunchScreen.storyboard */; };
/* End PBXBuildFile section */

/* Begin PBXFileReference section */
		B9C3A9BB1DBEDD590031E4AE /* 7SwiftWords.app */ = {isa = PBXFileReference; explicitFileType = wrapper.application; includeInIndex = 0; path = 7SwiftWords.app; sourceTree = BUILT_PRODUCTS_DIR; };
		B9C3A9BE1DBEDD590031E4AE /* AppDelegate.swift */ = {isa = PBXFileReference; lastKnownFileType = sourcecode.swift; path = AppDelegate.swift; sourceTree = "<group>"; };
		B9C3A9C01DBEDD590031E4AE /* ViewController.swift */ = {isa = PBXFileReference; lastKnownFileType = sourcecode.swift; path = ViewController.swift; sourceTree = "<group>"; };
		B9C3A9C31DBEDD590031E4AE /* Base */ = {isa = PBXFileReference; lastKnownFileType = file.storyboard; name = Base; path = Base.lproj/Main.storyboard; sourceTree = "<group>"; };
		B9C3A9C51DBEDD590031E4AE /* Assets.xcassets */ = {isa = PBXFileReference; lastKnownFileType = folder.assetcatalog; path = Assets.xcassets; sourceTree = "<group>"; };
		B9C3A9C81DBEDD590031E4AE /* Base */ = {isa = PBXFileReference; lastKnownFileType = file.storyboard; name = Base; path = Base.lproj/LaunchScreen.storyboard; sourceTree = "<group>"; };
		B9C3A9CA1DBEDD590031E4AE /* Info.plist */ = {isa = PBXFileReference; lastKnownFileType = text.plist.xml; path = Info.plist; sourceTree = "<group>"; };
/* End PBXFileReference section */

/* Begin PBXFrameworksBuildPhase section */
		B9C3A9B81DBEDD590031E4AE /* Frameworks */ = {
			isa = PBXFrameworksBuildPhase;
			buildActionMask = 2147483647;
			files = (
			);
			runOnlyForDeploymentPostprocessing = 0;
		};
/* End PBXFrameworksBuildPhase section */

/* Begin PBXGroup section */
		B9C3A9B21DBEDD590031E4AE = {
			isa = PBXGroup;
			children = (
				B9C3A9BD1DBEDD590031E4AE /* 7SwiftWords */,
				B9C3A9BC1DBEDD590031E4AE /* Products */,
			);
			sourceTree = "<group>";
		};
		B9C3A9BC1DBEDD590031E4AE /* Products */ = {
			isa = PBXGroup;
			children = (
				B9C3A9BB1DBEDD590031E4AE /* 7SwiftWords.app */,
			);
			name = Products;
			sourceTree = "<group>";
		};
		B9C3A9BD1DBEDD590031E4AE /* 7SwiftWords */ = {
			isa = PBXGroup;
			children = (
				B9C3A9BE1DBEDD590031E4AE /* AppDelegate.swift */,
				B9C3A9C01DBEDD590031E4AE /* ViewController.swift */,
				B9C3A9C21DBEDD590031E4AE /* Main.storyboard */,
				B9C3A9C51DBEDD590031E4AE /* Assets.xcassets */,
				B9C3A9C71DBEDD590031E4AE /* LaunchScreen.storyboard */,
				B9C3A9CA1DBEDD590031E4AE /* Info.plist */,
			);
			path = 7SwiftWords;
			sourceTree = "<group>";
		};
/* End PBXGroup section */

/* Begin PBXNativeTarget section */
		B9C3A9BA1DBEDD590031E4AE /* 7SwiftWords */ = {
			isa = PBXNativeTarget;
			buildConfigurationList = B9C3A9CD1DBEDD590031E4AE /* Build configuration list for PBXNativeTarget "7SwiftWords" */;
			buildPhases = (
				B9C3A9B71DBEDD590031E4AE /* Sources */,
				B9C3A9B81DBEDD590031E4AE /* Frameworks */,
				B9C3A9B91DBEDD590031E4AE /* Resources */,
			);
			buildRules = (
			);
			dependencies = (
			);
			name = 7SwiftWords;
			productName = 7SwiftWords;
			productReference = B9C3A9BB1DBEDD590031E4AE /* 7SwiftWords.app */;
			productType = "com.apple.product-type.application";
		};
/* End PBXNativeTarget section */

/* Begin PBXProject section */
		B9C3A9B31DBEDD590031E4AE /* Project object */ = {
			isa = PBXProject;
			attributes = {
				LastSwiftUpdateCheck = 0800;
				LastUpgradeCheck = 0800;
				ORGANIZATIONNAME = "David Petrofsky";
				TargetAttributes = {
					B9C3A9BA1DBEDD590031E4AE = {
						CreatedOnToolsVersion = 8.0;
						DevelopmentTeam = SF7XN9ZB4C;
						ProvisioningStyle = Automatic;
					};
				};
			};
			buildConfigurationList = B9C3A9B61DBEDD590031E4AE /* Build configuration list for PBXProject "7SwiftWords" */;
			compatibilityVersion = "Xcode 3.2";
			developmentRegion = English;
			hasScannedForEncodings = 0;
			knownRegions = (
				en,
				Base,
			);
			mainGroup = B9C3A9B21DBEDD590031E4AE;
			productRefGroup = B9C3A9BC1DBEDD590031E4AE /* Products */;
			projectDirPath = "";
			projectRoot = "";
			targets = (
				B9C3A9BA1DBEDD590031E4AE /* 7SwiftWords */,
			);
		};
/* End PBXProject section */

/* Begin PBXResourcesBuildPhase section */
		B9C3A9B91DBEDD590031E4AE /* Resources */ = {
			isa = PBXResourcesBuildPhase;
			buildActionMask = 2147483647;
			files = (
				B9C3A9C91DBEDD590031E4AE /* LaunchScreen.storyboard in Resources */,
				B9C3A9C61DBEDD590031E4AE /* Assets.xcassets in Resources */,
				B9C3A9C41DBEDD590031E4AE /* Main.storyboard in Resources */,
			);
			runOnlyForDeploymentPostprocessing = 0;
		};
/* End PBXResourcesBuildPhase section */

/* Begin PBXSourcesBuildPhase section */
		B9C3A9B71DBEDD590031E4AE /* Sources */ = {
			isa = PBXSourcesBuildPhase;
			buildActionMask = 2147483647;
			files = (
				B9C3A9C11DBEDD590031E4AE /* ViewController.swift in Sources */,
				B9C3A9BF1DBEDD590031E4AE /* AppDelegate.swift in Sources */,
			);
			runOnlyForDeploymentPostprocessing = 0;
		};
/* End PBXSourcesBuildPhase section */

/* Begin PBXVariantGroup section */
		B9C3A9C21DBEDD590031E4AE /* Main.storyboard */ = {
			isa = PBXVariantGroup;
			children = (
				B9C3A9C31DBEDD590031E4AE /* Base */,
			);
			name = Main.storyboard;
			sourceTree = "<group>";
		};
		B9C3A9C71DBEDD590031E4AE /* LaunchScreen.storyboard */ = {
			isa = PBXVariantGroup;
			children = (
				B9C3A9C81DBEDD590031E4AE /* Base */,
			);
			name = LaunchScreen.storyboard;
			sourceTree = "<group>";
		};
/* End PBXVariantGroup section */

/* Begin XCBuildConfiguration section */
		B9C3A9CB1DBEDD590031E4AE /* Debug */ = {
			isa = XCBuildConfiguration;
			buildSettings = {
				ALWAYS_SEARCH_USER_PATHS = NO;
				CLANG_ANALYZER_NONNULL = YES;
				CLANG_CXX_LANGUAGE_STANDARD = "gnu++0x";
				CLANG_CXX_LIBRARY = "libc++";
				CLANG_ENABLE_MODULES = YES;
				CLANG_ENABLE_OBJC_ARC = YES;
				CLANG_WARN_BOOL_CONVERSION = YES;
				CLANG_WARN_CONSTANT_CONVERSION = YES;
				CLANG_WARN_DIRECT_OBJC_ISA_USAGE = YES_ERROR;
				CLANG_WARN_DOCUMENTATION_COMMENTS = YES;
				CLANG_WARN_EMPTY_BODY = YES;
				CLANG_WARN_ENUM_CONVERSION = YES;
				CLANG_WARN_INFINITE_RECURSION = YES;
				CLANG_WARN_INT_CONVERSION = YES;
				CLANG_WARN_OBJC_ROOT_CLASS = YES_ERROR;
				CLANG_WARN_SUSPICIOUS_MOVES = YES;
				CLANG_WARN_UNREACHABLE_CODE = YES;
				CLANG_WARN__DUPLICATE_METHOD_MATCH = YES;
				"CODE_SIGN_IDENTITY[sdk=iphoneos*]" = "iPhone Developer";
				COPY_PHASE_STRIP = NO;
				DEBUG_INFORMATION_FORMAT = dwarf;
				ENABLE_STRICT_OBJC_MSGSEND = YES;
				ENABLE_TESTABILITY = YES;
				GCC_C_LANGUAGE_STANDARD = gnu99;
				GCC_DYNAMIC_NO_PIC = NO;
				GCC_NO_COMMON_BLOCKS = YES;
				GCC_OPTIMIZATION_LEVEL = 0;
				GCC_PREPROCESSOR_DEFINITIONS = (
					"DEBUG=1",
					"$(inherited)",
				);
				GCC_WARN_64_TO_32_BIT_CONVERSION = YES;
				GCC_WARN_ABOUT_RETURN_TYPE = YES_ERROR;
				GCC_WARN_UNDECLARED_SELECTOR = YES;
				GCC_WARN_UNINITIALIZED_AUTOS = YES_AGGRESSIVE;
				GCC_WARN_UNUSED_FUNCTION = YES;
				GCC_WARN_UNUSED_VARIABLE = YES;
				IPHONEOS_DEPLOYMENT_TARGET = 10.0;
				MTL_ENABLE_DEBUG_INFO = YES;
				ONLY_ACTIVE_ARCH = YES;
				SDKROOT = iphoneos;
				SWIFT_ACTIVE_COMPILATION_CONDITIONS = DEBUG;
				SWIFT_OPTIMIZATION_LEVEL = "-Onone";
				TARGETED_DEVICE_FAMILY = 2;
			};
			name = Debug;
		};
		B9C3A9CC1DBEDD590031E4AE /* Release */ = {
			isa = XCBuildConfiguration;
			buildSettings = {
				ALWAYS_SEARCH_USER_PATHS = NO;
				CLANG_ANALYZER_NONNULL = YES;
				CLANG_CXX_LANGUAGE_STANDARD = "gnu++0x";
				CLANG_CXX_LIBRARY = "libc++";
				CLANG_ENABLE_MODULES = YES;
				CLANG_ENABLE_OBJC_ARC = YES;
				CLANG_WARN_BOOL_CONVERSION = YES;
				CLANG_WARN_CONSTANT_CONVERSION = YES;
				CLANG_WARN_DIRECT_OBJC_ISA_USAGE = YES_ERROR;
				CLANG_WARN_DOCUMENTATION_COMMENTS = YES;
				CLANG_WARN_EMPTY_BODY = YES;
				CLANG_WARN_ENUM_CONVERSION = YES;
				CLANG_WARN_INFINITE_RECURSION = YES;
				CLANG_WARN_INT_CONVERSION = YES;
				CLANG_WARN_OBJC_ROOT_CLASS = YES_ERROR;
				CLANG_WARN_SUSPICIOUS_MOVES = YES;
				CLANG_WARN_UNREACHABLE_CODE = YES;
				CLANG_WARN__DUPLICATE_METHOD_MATCH = YES;
				"CODE_SIGN_IDENTITY[sdk=iphoneos*]" = "iPhone Developer";
				COPY_PHASE_STRIP = NO;
				DEBUG_INFORMATION_FORMAT = "dwarf-with-dsym";
				ENABLE_NS_ASSERTIONS = NO;
				ENABLE_STRICT_OBJC_MSGSEND = YES;
				GCC_C_LANGUAGE_STANDARD = gnu99;
				GCC_NO_COMMON_BLOCKS = YES;
				GCC_WARN_64_TO_32_BIT_CONVERSION = YES;
				GCC_WARN_ABOUT_RETURN_TYPE = YES_ERROR;
				GCC_WARN_UNDECLARED_SELECTOR = YES;
				GCC_WARN_UNINITIALIZED_AUTOS = YES_AGGRESSIVE;
				GCC_WARN_UNUSED_FUNCTION = YES;
				GCC_WARN_UNUSED_VARIABLE = YES;
				IPHONEOS_DEPLOYMENT_TARGET = 10.0;
				MTL_ENABLE_DEBUG_INFO = NO;
				SDKROOT = iphoneos;
				SWIFT_OPTIMIZATION_LEVEL = "-Owholemodule";
				TARGETED_DEVICE_FAMILY = 2;
				VALIDATE_PRODUCT = YES;
			};
			name = Release;
		};
		B9C3A9CE1DBEDD590031E4AE /* Debug */ = {
			isa = XCBuildConfiguration;
			buildSettings = {
				ASSETCATALOG_COMPILER_APPICON_NAME = AppIcon;
				DEVELOPMENT_TEAM = SF7XN9ZB4C;
				INFOPLIST_FILE = 7SwiftWords/Info.plist;
				LD_RUNPATH_SEARCH_PATHS = "$(inherited) @executable_path/Frameworks";
				PRODUCT_BUNDLE_IDENTIFIER = "com.jarofgoblins.-SwiftWords";
				PRODUCT_NAME = "$(TARGET_NAME)";
				SWIFT_VERSION = 3.0;
			};
			name = Debug;
		};
		B9C3A9CF1DBEDD590031E4AE /* Release */ = {
			isa = XCBuildConfiguration;
			buildSettings = {
				ASSETCATALOG_COMPILER_APPICON_NAME = AppIcon;
				DEVELOPMENT_TEAM = SF7XN9ZB4C;
				INFOPLIST_FILE = 7SwiftWords/Info.plist;
				LD_RUNPATH_SEARCH_PATHS = "$(inherited) @executable_path/Frameworks";
				PRODUCT_BUNDLE_IDENTIFIER = "com.jarofgoblins.-SwiftWords";
				PRODUCT_NAME = "$(TARGET_NAME)";
				SWIFT_VERSION = 3.0;
			};
			name = Release;
		};
/* End XCBuildConfiguration section */

/* Begin XCConfigurationList section */
		B9C3A9B61DBEDD590031E4AE /* Build configuration list for PBXProject "7SwiftWords" */ = {
			isa = XCConfigurationList;
			buildConfigurations = (
				B9C3A9CB1DBEDD590031E4AE /* Debug */,
				B9C3A9CC1DBEDD590031E4AE /* Release */,
			);
			defaultConfigurationIsVisible = 0;
			defaultConfigurationName = Release;
		};
		B9C3A9CD1DBEDD590031E4AE /* Build configuration list for PBXNativeTarget "7SwiftWords" */ = {
			isa = XCConfigurationList;
			buildConfigurations = (
				B9C3A9CE1DBEDD590031E4AE /* Debug */,
				B9C3A9CF1DBEDD590031E4AE /* Release */,
			);
			defaultConfigurationIsVisible = 0;
		};
/* End XCConfigurationList section */
	};
	rootObject = B9C3A9B31DBEDD590031E4AE /* Project object */;
}
