// !$*UTF8*$!
{
	archiveVersion = 1;
	classes = {
	};
	objectVersion = 46;
	objects = {

/* Begin PBXBuildFile section */
		B97139C01DD1B4E8000FA643 /* AppDelegate.swift in Sources */ = {isa = PBXBuildFile; fileRef = B97139BF1DD1B4E8000FA643 /* AppDelegate.swift */; };
		B97139C21DD1B4E8000FA643 /* GameScene.sks in Resources */ = {isa = PBXBuildFile; fileRef = B97139C11DD1B4E8000FA643 /* GameScene.sks */; };
		B97139C61DD1B4E8000FA643 /* GameScene.swift in Sources */ = {isa = PBXBuildFile; fileRef = B97139C51DD1B4E8000FA643 /* GameScene.swift */; };
		B97139C81DD1B4E8000FA643 /* GameViewController.swift in Sources */ = {isa = PBXBuildFile; fileRef = B97139C71DD1B4E8000FA643 /* GameViewController.swift */; };
		B97139CB1DD1B4E8000FA643 /* Main.storyboard in Resources */ = {isa = PBXBuildFile; fileRef = B97139C91DD1B4E8000FA643 /* Main.storyboard */; };
		B97139CD1DD1B4E8000FA643 /* Assets.xcassets in Resources */ = {isa = PBXBuildFile; fileRef = B97139CC1DD1B4E8000FA643 /* Assets.xcassets */; };
		B97139D01DD1B4E8000FA643 /* LaunchScreen.storyboard in Resources */ = {isa = PBXBuildFile; fileRef = B97139CE1DD1B4E8000FA643 /* LaunchScreen.storyboard */; };
		B97139EF1DD1B648000FA643 /* explosion.caf in Resources */ = {isa = PBXBuildFile; fileRef = B97139D81DD1B648000FA643 /* explosion.caf */; };
		B97139F01DD1B648000FA643 /* launch.caf in Resources */ = {isa = PBXBuildFile; fileRef = B97139D91DD1B648000FA643 /* launch.caf */; };
		B97139F11DD1B648000FA643 /* penguin.png in Resources */ = {isa = PBXBuildFile; fileRef = B97139DA1DD1B648000FA643 /* penguin.png */; };
		B97139F21DD1B648000FA643 /* penguin@2x.png in Resources */ = {isa = PBXBuildFile; fileRef = B97139DB1DD1B648000FA643 /* penguin@2x.png */; };
		B97139F31DD1B648000FA643 /* sliceBackground.png in Resources */ = {isa = PBXBuildFile; fileRef = B97139DC1DD1B648000FA643 /* sliceBackground.png */; };
		B97139F41DD1B648000FA643 /* sliceBackground@2x.png in Resources */ = {isa = PBXBuildFile; fileRef = B97139DD1DD1B648000FA643 /* sliceBackground@2x.png */; };
		B97139F51DD1B648000FA643 /* sliceBomb.png in Resources */ = {isa = PBXBuildFile; fileRef = B97139DE1DD1B648000FA643 /* sliceBomb.png */; };
		B97139F61DD1B648000FA643 /* sliceBomb@2x.png in Resources */ = {isa = PBXBuildFile; fileRef = B97139DF1DD1B648000FA643 /* sliceBomb@2x.png */; };
		B97139F71DD1B648000FA643 /* sliceBombFuse.caf in Resources */ = {isa = PBXBuildFile; fileRef = B97139E01DD1B648000FA643 /* sliceBombFuse.caf */; };
		B97139F81DD1B648000FA643 /* sliceFuse.sks in Resources */ = {isa = PBXBuildFile; fileRef = B97139E11DD1B648000FA643 /* sliceFuse.sks */; };
		B97139F91DD1B648000FA643 /* sliceHitBomb.sks in Resources */ = {isa = PBXBuildFile; fileRef = B97139E21DD1B648000FA643 /* sliceHitBomb.sks */; };
		B97139FA1DD1B648000FA643 /* sliceHitEnemy.sks in Resources */ = {isa = PBXBuildFile; fileRef = B97139E31DD1B648000FA643 /* sliceHitEnemy.sks */; };
		B97139FB1DD1B648000FA643 /* sliceLife.png in Resources */ = {isa = PBXBuildFile; fileRef = B97139E41DD1B648000FA643 /* sliceLife.png */; };
		B97139FC1DD1B648000FA643 /* sliceLife@2x.png in Resources */ = {isa = PBXBuildFile; fileRef = B97139E51DD1B648000FA643 /* sliceLife@2x.png */; };
		B97139FD1DD1B648000FA643 /* sliceLifeGone.png in Resources */ = {isa = PBXBuildFile; fileRef = B97139E61DD1B648000FA643 /* sliceLifeGone.png */; };
		B97139FE1DD1B648000FA643 /* sliceLifeGone@2x.png in Resources */ = {isa = PBXBuildFile; fileRef = B97139E71DD1B648000FA643 /* sliceLifeGone@2x.png */; };
		B97139FF1DD1B648000FA643 /* spark.png in Resources */ = {isa = PBXBuildFile; fileRef = B97139E81DD1B648000FA643 /* spark.png */; };
		B9713A001DD1B648000FA643 /* swoosh1.caf in Resources */ = {isa = PBXBuildFile; fileRef = B97139E91DD1B648000FA643 /* swoosh1.caf */; };
		B9713A011DD1B648000FA643 /* swoosh2.caf in Resources */ = {isa = PBXBuildFile; fileRef = B97139EA1DD1B648000FA643 /* swoosh2.caf */; };
		B9713A021DD1B648000FA643 /* swoosh3.caf in Resources */ = {isa = PBXBuildFile; fileRef = B97139EB1DD1B648000FA643 /* swoosh3.caf */; };
		B9713A031DD1B648000FA643 /* whack.caf in Resources */ = {isa = PBXBuildFile; fileRef = B97139EC1DD1B648000FA643 /* whack.caf */; };
		B9713A041DD1B648000FA643 /* wrong.caf in Resources */ = {isa = PBXBuildFile; fileRef = B97139ED1DD1B648000FA643 /* wrong.caf */; };
		B9713A051DD1B648000FA643 /* Helper.swift in Sources */ = {isa = PBXBuildFile; fileRef = B97139EE1DD1B648000FA643 /* Helper.swift */; };
/* End PBXBuildFile section */

/* Begin PBXFileReference section */
		B97139BC1DD1B4E8000FA643 /* SwiftyNinja.app */ = {isa = PBXFileReference; explicitFileType = wrapper.application; includeInIndex = 0; path = SwiftyNinja.app; sourceTree = BUILT_PRODUCTS_DIR; };
		B97139BF1DD1B4E8000FA643 /* AppDelegate.swift */ = {isa = PBXFileReference; lastKnownFileType = sourcecode.swift; path = AppDelegate.swift; sourceTree = "<group>"; };
		B97139C11DD1B4E8000FA643 /* GameScene.sks */ = {isa = PBXFileReference; lastKnownFileType = file.sks; path = GameScene.sks; sourceTree = "<group>"; };
		B97139C51DD1B4E8000FA643 /* GameScene.swift */ = {isa = PBXFileReference; lastKnownFileType = sourcecode.swift; path = GameScene.swift; sourceTree = "<group>"; };
		B97139C71DD1B4E8000FA643 /* GameViewController.swift */ = {isa = PBXFileReference; lastKnownFileType = sourcecode.swift; path = GameViewController.swift; sourceTree = "<group>"; };
		B97139CA1DD1B4E8000FA643 /* Base */ = {isa = PBXFileReference; lastKnownFileType = file.storyboard; name = Base; path = Base.lproj/Main.storyboard; sourceTree = "<group>"; };
		B97139CC1DD1B4E8000FA643 /* Assets.xcassets */ = {isa = PBXFileReference; lastKnownFileType = folder.assetcatalog; path = Assets.xcassets; sourceTree = "<group>"; };
		B97139CF1DD1B4E8000FA643 /* Base */ = {isa = PBXFileReference; lastKnownFileType = file.storyboard; name = Base; path = Base.lproj/LaunchScreen.storyboard; sourceTree = "<group>"; };
		B97139D11DD1B4E8000FA643 /* Info.plist */ = {isa = PBXFileReference; lastKnownFileType = text.plist.xml; path = Info.plist; sourceTree = "<group>"; };
		B97139D81DD1B648000FA643 /* explosion.caf */ = {isa = PBXFileReference; lastKnownFileType = file; path = explosion.caf; sourceTree = "<group>"; };
		B97139D91DD1B648000FA643 /* launch.caf */ = {isa = PBXFileReference; lastKnownFileType = file; path = launch.caf; sourceTree = "<group>"; };
		B97139DA1DD1B648000FA643 /* penguin.png */ = {isa = PBXFileReference; lastKnownFileType = image.png; path = penguin.png; sourceTree = "<group>"; };
		B97139DB1DD1B648000FA643 /* penguin@2x.png */ = {isa = PBXFileReference; lastKnownFileType = image.png; path = "penguin@2x.png"; sourceTree = "<group>"; };
		B97139DC1DD1B648000FA643 /* sliceBackground.png */ = {isa = PBXFileReference; lastKnownFileType = image.png; path = sliceBackground.png; sourceTree = "<group>"; };
		B97139DD1DD1B648000FA643 /* sliceBackground@2x.png */ = {isa = PBXFileReference; lastKnownFileType = image.png; path = "sliceBackground@2x.png"; sourceTree = "<group>"; };
		B97139DE1DD1B648000FA643 /* sliceBomb.png */ = {isa = PBXFileReference; lastKnownFileType = image.png; path = sliceBomb.png; sourceTree = "<group>"; };
		B97139DF1DD1B648000FA643 /* sliceBomb@2x.png */ = {isa = PBXFileReference; lastKnownFileType = image.png; path = "sliceBomb@2x.png"; sourceTree = "<group>"; };
		B97139E01DD1B648000FA643 /* sliceBombFuse.caf */ = {isa = PBXFileReference; lastKnownFileType = file; path = sliceBombFuse.caf; sourceTree = "<group>"; };
		B97139E11DD1B648000FA643 /* sliceFuse.sks */ = {isa = PBXFileReference; lastKnownFileType = file.sks; path = sliceFuse.sks; sourceTree = "<group>"; };
		B97139E21DD1B648000FA643 /* sliceHitBomb.sks */ = {isa = PBXFileReference; lastKnownFileType = file.sks; path = sliceHitBomb.sks; sourceTree = "<group>"; };
		B97139E31DD1B648000FA643 /* sliceHitEnemy.sks */ = {isa = PBXFileReference; lastKnownFileType = file.sks; path = sliceHitEnemy.sks; sourceTree = "<group>"; };
		B97139E41DD1B648000FA643 /* sliceLife.png */ = {isa = PBXFileReference; lastKnownFileType = image.png; path = sliceLife.png; sourceTree = "<group>"; };
		B97139E51DD1B648000FA643 /* sliceLife@2x.png */ = {isa = PBXFileReference; lastKnownFileType = image.png; path = "sliceLife@2x.png"; sourceTree = "<group>"; };
		B97139E61DD1B648000FA643 /* sliceLifeGone.png */ = {isa = PBXFileReference; lastKnownFileType = image.png; path = sliceLifeGone.png; sourceTree = "<group>"; };
		B97139E71DD1B648000FA643 /* sliceLifeGone@2x.png */ = {isa = PBXFileReference; lastKnownFileType = image.png; path = "sliceLifeGone@2x.png"; sourceTree = "<group>"; };
		B97139E81DD1B648000FA643 /* spark.png */ = {isa = PBXFileReference; lastKnownFileType = image.png; path = spark.png; sourceTree = "<group>"; };
		B97139E91DD1B648000FA643 /* swoosh1.caf */ = {isa = PBXFileReference; lastKnownFileType = file; path = swoosh1.caf; sourceTree = "<group>"; };
		B97139EA1DD1B648000FA643 /* swoosh2.caf */ = {isa = PBXFileReference; lastKnownFileType = file; path = swoosh2.caf; sourceTree = "<group>"; };
		B97139EB1DD1B648000FA643 /* swoosh3.caf */ = {isa = PBXFileReference; lastKnownFileType = file; path = swoosh3.caf; sourceTree = "<group>"; };
		B97139EC1DD1B648000FA643 /* whack.caf */ = {isa = PBXFileReference; lastKnownFileType = file; path = whack.caf; sourceTree = "<group>"; };
		B97139ED1DD1B648000FA643 /* wrong.caf */ = {isa = PBXFileReference; lastKnownFileType = file; path = wrong.caf; sourceTree = "<group>"; };
		B97139EE1DD1B648000FA643 /* Helper.swift */ = {isa = PBXFileReference; fileEncoding = 4; lastKnownFileType = sourcecode.swift; path = Helper.swift; sourceTree = "<group>"; };
/* End PBXFileReference section */

/* Begin PBXFrameworksBuildPhase section */
		B97139B91DD1B4E8000FA643 /* Frameworks */ = {
			isa = PBXFrameworksBuildPhase;
			buildActionMask = 2147483647;
			files = (
			);
			runOnlyForDeploymentPostprocessing = 0;
		};
/* End PBXFrameworksBuildPhase section */

/* Begin PBXGroup section */
		B97139B31DD1B4E8000FA643 = {
			isa = PBXGroup;
			children = (
				B97139BE1DD1B4E8000FA643 /* SwiftyNinja */,
				B97139BD1DD1B4E8000FA643 /* Products */,
			);
			sourceTree = "<group>";
		};
		B97139BD1DD1B4E8000FA643 /* Products */ = {
			isa = PBXGroup;
			children = (
				B97139BC1DD1B4E8000FA643 /* SwiftyNinja.app */,
			);
			name = Products;
			sourceTree = "<group>";
		};
		B97139BE1DD1B4E8000FA643 /* SwiftyNinja */ = {
			isa = PBXGroup;
			children = (
				B97139BF1DD1B4E8000FA643 /* AppDelegate.swift */,
				B97139C11DD1B4E8000FA643 /* GameScene.sks */,
				B97139C51DD1B4E8000FA643 /* GameScene.swift */,
				B97139C71DD1B4E8000FA643 /* GameViewController.swift */,
				B97139EE1DD1B648000FA643 /* Helper.swift */,
				B97139C91DD1B4E8000FA643 /* Main.storyboard */,
				B97139CC1DD1B4E8000FA643 /* Assets.xcassets */,
				B97139D71DD1B648000FA643 /* Content */,
				B97139CE1DD1B4E8000FA643 /* LaunchScreen.storyboard */,
				B97139D11DD1B4E8000FA643 /* Info.plist */,
			);
			path = SwiftyNinja;
			sourceTree = "<group>";
		};
		B97139D71DD1B648000FA643 /* Content */ = {
			isa = PBXGroup;
			children = (
				B97139D81DD1B648000FA643 /* explosion.caf */,
				B97139D91DD1B648000FA643 /* launch.caf */,
				B97139DA1DD1B648000FA643 /* penguin.png */,
				B97139DB1DD1B648000FA643 /* penguin@2x.png */,
				B97139DC1DD1B648000FA643 /* sliceBackground.png */,
				B97139DD1DD1B648000FA643 /* sliceBackground@2x.png */,
				B97139DE1DD1B648000FA643 /* sliceBomb.png */,
				B97139DF1DD1B648000FA643 /* sliceBomb@2x.png */,
				B97139E01DD1B648000FA643 /* sliceBombFuse.caf */,
				B97139E11DD1B648000FA643 /* sliceFuse.sks */,
				B97139E21DD1B648000FA643 /* sliceHitBomb.sks */,
				B97139E31DD1B648000FA643 /* sliceHitEnemy.sks */,
				B97139E41DD1B648000FA643 /* sliceLife.png */,
				B97139E51DD1B648000FA643 /* sliceLife@2x.png */,
				B97139E61DD1B648000FA643 /* sliceLifeGone.png */,
				B97139E71DD1B648000FA643 /* sliceLifeGone@2x.png */,
				B97139E81DD1B648000FA643 /* spark.png */,
				B97139E91DD1B648000FA643 /* swoosh1.caf */,
				B97139EA1DD1B648000FA643 /* swoosh2.caf */,
				B97139EB1DD1B648000FA643 /* swoosh3.caf */,
				B97139EC1DD1B648000FA643 /* whack.caf */,
				B97139ED1DD1B648000FA643 /* wrong.caf */,
			);
			path = Content;
			sourceTree = "<group>";
		};
/* End PBXGroup section */

/* Begin PBXNativeTarget section */
		B97139BB1DD1B4E8000FA643 /* SwiftyNinja */ = {
			isa = PBXNativeTarget;
			buildConfigurationList = B97139D41DD1B4E8000FA643 /* Build configuration list for PBXNativeTarget "SwiftyNinja" */;
			buildPhases = (
				B97139B81DD1B4E8000FA643 /* Sources */,
				B97139B91DD1B4E8000FA643 /* Frameworks */,
				B97139BA1DD1B4E8000FA643 /* Resources */,
			);
			buildRules = (
			);
			dependencies = (
			);
			name = SwiftyNinja;
			productName = SwiftyNinja;
			productReference = B97139BC1DD1B4E8000FA643 /* SwiftyNinja.app */;
			productType = "com.apple.product-type.application";
		};
/* End PBXNativeTarget section */

/* Begin PBXProject section */
		B97139B41DD1B4E8000FA643 /* Project object */ = {
			isa = PBXProject;
			attributes = {
				LastSwiftUpdateCheck = 0810;
				LastUpgradeCheck = 0810;
				ORGANIZATIONNAME = "David Petrofsky";
				TargetAttributes = {
					B97139BB1DD1B4E8000FA643 = {
						CreatedOnToolsVersion = 8.1;
						DevelopmentTeam = SF7XN9ZB4C;
						ProvisioningStyle = Automatic;
					};
				};
			};
			buildConfigurationList = B97139B71DD1B4E8000FA643 /* Build configuration list for PBXProject "SwiftyNinja" */;
			compatibilityVersion = "Xcode 3.2";
			developmentRegion = English;
			hasScannedForEncodings = 0;
			knownRegions = (
				en,
				Base,
			);
			mainGroup = B97139B31DD1B4E8000FA643;
			productRefGroup = B97139BD1DD1B4E8000FA643 /* Products */;
			projectDirPath = "";
			projectRoot = "";
			targets = (
				B97139BB1DD1B4E8000FA643 /* SwiftyNinja */,
			);
		};
/* End PBXProject section */

/* Begin PBXResourcesBuildPhase section */
		B97139BA1DD1B4E8000FA643 /* Resources */ = {
			isa = PBXResourcesBuildPhase;
			buildActionMask = 2147483647;
			files = (
				B97139F31DD1B648000FA643 /* sliceBackground.png in Resources */,
				B97139F61DD1B648000FA643 /* sliceBomb@2x.png in Resources */,
				B97139F41DD1B648000FA643 /* sliceBackground@2x.png in Resources */,
				B97139FA1DD1B648000FA643 /* sliceHitEnemy.sks in Resources */,
				B97139F11DD1B648000FA643 /* penguin.png in Resources */,
				B97139F71DD1B648000FA643 /* sliceBombFuse.caf in Resources */,
				B9713A031DD1B648000FA643 /* whack.caf in Resources */,
				B97139F81DD1B648000FA643 /* sliceFuse.sks in Resources */,
				B97139F21DD1B648000FA643 /* penguin@2x.png in Resources */,
				B97139CB1DD1B4E8000FA643 /* Main.storyboard in Resources */,
				B97139F01DD1B648000FA643 /* launch.caf in Resources */,
				B97139FF1DD1B648000FA643 /* spark.png in Resources */,
				B9713A041DD1B648000FA643 /* wrong.caf in Resources */,
				B97139F91DD1B648000FA643 /* sliceHitBomb.sks in Resources */,
				B97139F51DD1B648000FA643 /* sliceBomb.png in Resources */,
				B97139FD1DD1B648000FA643 /* sliceLifeGone.png in Resources */,
				B97139C21DD1B4E8000FA643 /* GameScene.sks in Resources */,
				B9713A001DD1B648000FA643 /* swoosh1.caf in Resources */,
				B97139FE1DD1B648000FA643 /* sliceLifeGone@2x.png in Resources */,
				B9713A021DD1B648000FA643 /* swoosh3.caf in Resources */,
				B97139FC1DD1B648000FA643 /* sliceLife@2x.png in Resources */,
				B9713A011DD1B648000FA643 /* swoosh2.caf in Resources */,
				B97139EF1DD1B648000FA643 /* explosion.caf in Resources */,
				B97139CD1DD1B4E8000FA643 /* Assets.xcassets in Resources */,
				B97139D01DD1B4E8000FA643 /* LaunchScreen.storyboard in Resources */,
				B97139FB1DD1B648000FA643 /* sliceLife.png in Resources */,
			);
			runOnlyForDeploymentPostprocessing = 0;
		};
/* End PBXResourcesBuildPhase section */

/* Begin PBXSourcesBuildPhase section */
		B97139B81DD1B4E8000FA643 /* Sources */ = {
			isa = PBXSourcesBuildPhase;
			buildActionMask = 2147483647;
			files = (
				B97139C61DD1B4E8000FA643 /* GameScene.swift in Sources */,
				B97139C81DD1B4E8000FA643 /* GameViewController.swift in Sources */,
				B97139C01DD1B4E8000FA643 /* AppDelegate.swift in Sources */,
				B9713A051DD1B648000FA643 /* Helper.swift in Sources */,
			);
			runOnlyForDeploymentPostprocessing = 0;
		};
/* End PBXSourcesBuildPhase section */

/* Begin PBXVariantGroup section */
		B97139C91DD1B4E8000FA643 /* Main.storyboard */ = {
			isa = PBXVariantGroup;
			children = (
				B97139CA1DD1B4E8000FA643 /* Base */,
			);
			name = Main.storyboard;
			sourceTree = "<group>";
		};
		B97139CE1DD1B4E8000FA643 /* LaunchScreen.storyboard */ = {
			isa = PBXVariantGroup;
			children = (
				B97139CF1DD1B4E8000FA643 /* Base */,
			);
			name = LaunchScreen.storyboard;
			sourceTree = "<group>";
		};
/* End PBXVariantGroup section */

/* Begin XCBuildConfiguration section */
		B97139D21DD1B4E8000FA643 /* Debug */ = {
			isa = XCBuildConfiguration;
			buildSettings = {
				ALWAYS_SEARCH_USER_PATHS = NO;
				CLANG_ANALYZER_NONNULL = YES;
				CLANG_CXX_LANGUAGE_STANDARD = "gnu++0x";
				CLANG_CXX_LIBRARY = "libc++";
				CLANG_ENABLE_MODULES = YES;
				CLANG_ENABLE_OBJC_ARC = YES;
				CLANG_WARN_BOOL_CONVERSION = YES;
				CLANG_WARN_CONSTANT_CONVERSION = YES;
				CLANG_WARN_DIRECT_OBJC_ISA_USAGE = YES_ERROR;
				CLANG_WARN_DOCUMENTATION_COMMENTS = YES;
				CLANG_WARN_EMPTY_BODY = YES;
				CLANG_WARN_ENUM_CONVERSION = YES;
				CLANG_WARN_INFINITE_RECURSION = YES;
				CLANG_WARN_INT_CONVERSION = YES;
				CLANG_WARN_OBJC_ROOT_CLASS = YES_ERROR;
				CLANG_WARN_SUSPICIOUS_MOVES = YES;
				CLANG_WARN_UNREACHABLE_CODE = YES;
				CLANG_WARN__DUPLICATE_METHOD_MATCH = YES;
				"CODE_SIGN_IDENTITY[sdk=iphoneos*]" = "iPhone Developer";
				COPY_PHASE_STRIP = NO;
				DEBUG_INFORMATION_FORMAT = dwarf;
				ENABLE_STRICT_OBJC_MSGSEND = YES;
				ENABLE_TESTABILITY = YES;
				GCC_C_LANGUAGE_STANDARD = gnu99;
				GCC_DYNAMIC_NO_PIC = NO;
				GCC_NO_COMMON_BLOCKS = YES;
				GCC_OPTIMIZATION_LEVEL = 0;
				GCC_PREPROCESSOR_DEFINITIONS = (
					"DEBUG=1",
					"$(inherited)",
				);
				GCC_WARN_64_TO_32_BIT_CONVERSION = YES;
				GCC_WARN_ABOUT_RETURN_TYPE = YES_ERROR;
				GCC_WARN_UNDECLARED_SELECTOR = YES;
				GCC_WARN_UNINITIALIZED_AUTOS = YES_AGGRESSIVE;
				GCC_WARN_UNUSED_FUNCTION = YES;
				GCC_WARN_UNUSED_VARIABLE = YES;
				IPHONEOS_DEPLOYMENT_TARGET = 10.1;
				MTL_ENABLE_DEBUG_INFO = YES;
				ONLY_ACTIVE_ARCH = YES;
				SDKROOT = iphoneos;
				SWIFT_ACTIVE_COMPILATION_CONDITIONS = DEBUG;
				SWIFT_OPTIMIZATION_LEVEL = "-Onone";
				TARGETED_DEVICE_FAMILY = 2;
			};
			name = Debug;
		};
		B97139D31DD1B4E8000FA643 /* Release */ = {
			isa = XCBuildConfiguration;
			buildSettings = {
				ALWAYS_SEARCH_USER_PATHS = NO;
				CLANG_ANALYZER_NONNULL = YES;
				CLANG_CXX_LANGUAGE_STANDARD = "gnu++0x";
				CLANG_CXX_LIBRARY = "libc++";
				CLANG_ENABLE_MODULES = YES;
				CLANG_ENABLE_OBJC_ARC = YES;
				CLANG_WARN_BOOL_CONVERSION = YES;
				CLANG_WARN_CONSTANT_CONVERSION = YES;
				CLANG_WARN_DIRECT_OBJC_ISA_USAGE = YES_ERROR;
				CLANG_WARN_DOCUMENTATION_COMMENTS = YES;
				CLANG_WARN_EMPTY_BODY = YES;
				CLANG_WARN_ENUM_CONVERSION = YES;
				CLANG_WARN_INFINITE_RECURSION = YES;
				CLANG_WARN_INT_CONVERSION = YES;
				CLANG_WARN_OBJC_ROOT_CLASS = YES_ERROR;
				CLANG_WARN_SUSPICIOUS_MOVES = YES;
				CLANG_WARN_UNREACHABLE_CODE = YES;
				CLANG_WARN__DUPLICATE_METHOD_MATCH = YES;
				"CODE_SIGN_IDENTITY[sdk=iphoneos*]" = "iPhone Developer";
				COPY_PHASE_STRIP = NO;
				DEBUG_INFORMATION_FORMAT = "dwarf-with-dsym";
				ENABLE_NS_ASSERTIONS = NO;
				ENABLE_STRICT_OBJC_MSGSEND = YES;
				GCC_C_LANGUAGE_STANDARD = gnu99;
				GCC_NO_COMMON_BLOCKS = YES;
				GCC_WARN_64_TO_32_BIT_CONVERSION = YES;
				GCC_WARN_ABOUT_RETURN_TYPE = YES_ERROR;
				GCC_WARN_UNDECLARED_SELECTOR = YES;
				GCC_WARN_UNINITIALIZED_AUTOS = YES_AGGRESSIVE;
				GCC_WARN_UNUSED_FUNCTION = YES;
				GCC_WARN_UNUSED_VARIABLE = YES;
				IPHONEOS_DEPLOYMENT_TARGET = 10.1;
				MTL_ENABLE_DEBUG_INFO = NO;
				SDKROOT = iphoneos;
				SWIFT_OPTIMIZATION_LEVEL = "-Owholemodule";
				TARGETED_DEVICE_FAMILY = 2;
				VALIDATE_PRODUCT = YES;
			};
			name = Release;
		};
		B97139D51DD1B4E8000FA643 /* Debug */ = {
			isa = XCBuildConfiguration;
			buildSettings = {
				ASSETCATALOG_COMPILER_APPICON_NAME = AppIcon;
				DEVELOPMENT_TEAM = SF7XN9ZB4C;
				INFOPLIST_FILE = SwiftyNinja/Info.plist;
				LD_RUNPATH_SEARCH_PATHS = "$(inherited) @executable_path/Frameworks";
				PRODUCT_BUNDLE_IDENTIFIER = com.jarofgoblins.SwiftyNinja;
				PRODUCT_NAME = "$(TARGET_NAME)";
				SWIFT_VERSION = 3.0;
			};
			name = Debug;
		};
		B97139D61DD1B4E8000FA643 /* Release */ = {
			isa = XCBuildConfiguration;
			buildSettings = {
				ASSETCATALOG_COMPILER_APPICON_NAME = AppIcon;
				DEVELOPMENT_TEAM = SF7XN9ZB4C;
				INFOPLIST_FILE = SwiftyNinja/Info.plist;
				LD_RUNPATH_SEARCH_PATHS = "$(inherited) @executable_path/Frameworks";
				PRODUCT_BUNDLE_IDENTIFIER = com.jarofgoblins.SwiftyNinja;
				PRODUCT_NAME = "$(TARGET_NAME)";
				SWIFT_VERSION = 3.0;
			};
			name = Release;
		};
/* End XCBuildConfiguration section */

/* Begin XCConfigurationList section */
		B97139B71DD1B4E8000FA643 /* Build configuration list for PBXProject "SwiftyNinja" */ = {
			isa = XCConfigurationList;
			buildConfigurations = (
				B97139D21DD1B4E8000FA643 /* Debug */,
				B97139D31DD1B4E8000FA643 /* Release */,
			);
			defaultConfigurationIsVisible = 0;
			defaultConfigurationName = Release;
		};
		B97139D41DD1B4E8000FA643 /* Build configuration list for PBXNativeTarget "SwiftyNinja" */ = {
			isa = XCConfigurationList;
			buildConfigurations = (
				B97139D51DD1B4E8000FA643 /* Debug */,
				B97139D61DD1B4E8000FA643 /* Release */,
			);
			defaultConfigurationIsVisible = 0;
		};
/* End XCConfigurationList section */
	};
	rootObject = B97139B41DD1B4E8000FA643 /* Project object */;
}
