// !$*UTF8*$!
{
	archiveVersion = 1;
	classes = {
	};
	objectVersion = 46;
	objects = {

/* Begin PBXBuildFile section */
		B936677F1DD066850069DBC8 /* AppDelegate.swift in Sources */ = {isa = PBXBuildFile; fileRef = B936677E1DD066850069DBC8 /* AppDelegate.swift */; };
		B93667811DD066850069DBC8 /* ViewController.swift in Sources */ = {isa = PBXBuildFile; fileRef = B93667801DD066850069DBC8 /* ViewController.swift */; };
		B93667841DD066850069DBC8 /* Main.storyboard in Resources */ = {isa = PBXBuildFile; fileRef = B93667821DD066850069DBC8 /* Main.storyboard */; };
		B93667861DD066850069DBC8 /* Assets.xcassets in Resources */ = {isa = PBXBuildFile; fileRef = B93667851DD066850069DBC8 /* Assets.xcassets */; };
		B93667891DD066850069DBC8 /* LaunchScreen.storyboard in Resources */ = {isa = PBXBuildFile; fileRef = B93667871DD066850069DBC8 /* LaunchScreen.storyboard */; };
/* End PBXBuildFile section */

/* Begin PBXFileReference section */
		B936677B1DD066850069DBC8 /* JavascriptExtension.app */ = {isa = PBXFileReference; explicitFileType = wrapper.application; includeInIndex = 0; path = JavascriptExtension.app; sourceTree = BUILT_PRODUCTS_DIR; };
		B936677E1DD066850069DBC8 /* AppDelegate.swift */ = {isa = PBXFileReference; lastKnownFileType = sourcecode.swift; path = AppDelegate.swift; sourceTree = "<group>"; };
		B93667801DD066850069DBC8 /* ViewController.swift */ = {isa = PBXFileReference; lastKnownFileType = sourcecode.swift; path = ViewController.swift; sourceTree = "<group>"; };
		B93667831DD066850069DBC8 /* Base */ = {isa = PBXFileReference; lastKnownFileType = file.storyboard; name = Base; path = Base.lproj/Main.storyboard; sourceTree = "<group>"; };
		B93667851DD066850069DBC8 /* Assets.xcassets */ = {isa = PBXFileReference; lastKnownFileType = folder.assetcatalog; path = Assets.xcassets; sourceTree = "<group>"; };
		B93667881DD066850069DBC8 /* Base */ = {isa = PBXFileReference; lastKnownFileType = file.storyboard; name = Base; path = Base.lproj/LaunchScreen.storyboard; sourceTree = "<group>"; };
		B936678A1DD066850069DBC8 /* Info.plist */ = {isa = PBXFileReference; lastKnownFileType = text.plist.xml; path = Info.plist; sourceTree = "<group>"; };
/* End PBXFileReference section */

/* Begin PBXFrameworksBuildPhase section */
		B93667781DD066850069DBC8 /* Frameworks */ = {
			isa = PBXFrameworksBuildPhase;
			buildActionMask = 2147483647;
			files = (
			);
			runOnlyForDeploymentPostprocessing = 0;
		};
/* End PBXFrameworksBuildPhase section */

/* Begin PBXGroup section */
		B93667721DD066850069DBC8 = {
			isa = PBXGroup;
			children = (
				B936677D1DD066850069DBC8 /* JavascriptExtension */,
				B936677C1DD066850069DBC8 /* Products */,
			);
			sourceTree = "<group>";
		};
		B936677C1DD066850069DBC8 /* Products */ = {
			isa = PBXGroup;
			children = (
				B936677B1DD066850069DBC8 /* JavascriptExtension.app */,
			);
			name = Products;
			sourceTree = "<group>";
		};
		B936677D1DD066850069DBC8 /* JavascriptExtension */ = {
			isa = PBXGroup;
			children = (
				B936677E1DD066850069DBC8 /* AppDelegate.swift */,
				B93667801DD066850069DBC8 /* ViewController.swift */,
				B93667821DD066850069DBC8 /* Main.storyboard */,
				B93667851DD066850069DBC8 /* Assets.xcassets */,
				B93667871DD066850069DBC8 /* LaunchScreen.storyboard */,
				B936678A1DD066850069DBC8 /* Info.plist */,
			);
			path = JavascriptExtension;
			sourceTree = "<group>";
		};
/* End PBXGroup section */

/* Begin PBXNativeTarget section */
		B936677A1DD066850069DBC8 /* JavascriptExtension */ = {
			isa = PBXNativeTarget;
			buildConfigurationList = B936678D1DD066850069DBC8 /* Build configuration list for PBXNativeTarget "JavascriptExtension" */;
			buildPhases = (
				B93667771DD066850069DBC8 /* Sources */,
				B93667781DD066850069DBC8 /* Frameworks */,
				B93667791DD066850069DBC8 /* Resources */,
			);
			buildRules = (
			);
			dependencies = (
			);
			name = JavascriptExtension;
			productName = JavascriptExtension;
			productReference = B936677B1DD066850069DBC8 /* JavascriptExtension.app */;
			productType = "com.apple.product-type.application";
		};
/* End PBXNativeTarget section */

/* Begin PBXProject section */
		B93667731DD066850069DBC8 /* Project object */ = {
			isa = PBXProject;
			attributes = {
				LastSwiftUpdateCheck = 0810;
				LastUpgradeCheck = 0810;
				ORGANIZATIONNAME = "David Petrofsky";
				TargetAttributes = {
					B936677A1DD066850069DBC8 = {
						CreatedOnToolsVersion = 8.1;
						DevelopmentTeam = SF7XN9ZB4C;
						ProvisioningStyle = Automatic;
					};
				};
			};
			buildConfigurationList = B93667761DD066850069DBC8 /* Build configuration list for PBXProject "JavascriptExtension" */;
			compatibilityVersion = "Xcode 3.2";
			developmentRegion = English;
			hasScannedForEncodings = 0;
			knownRegions = (
				en,
				Base,
			);
			mainGroup = B93667721DD066850069DBC8;
			productRefGroup = B936677C1DD066850069DBC8 /* Products */;
			projectDirPath = "";
			projectRoot = "";
			targets = (
				B936677A1DD066850069DBC8 /* JavascriptExtension */,
			);
		};
/* End PBXProject section */

/* Begin PBXResourcesBuildPhase section */
		B93667791DD066850069DBC8 /* Resources */ = {
			isa = PBXResourcesBuildPhase;
			buildActionMask = 2147483647;
			files = (
				B93667891DD066850069DBC8 /* LaunchScreen.storyboard in Resources */,
				B93667861DD066850069DBC8 /* Assets.xcassets in Resources */,
				B93667841DD066850069DBC8 /* Main.storyboard in Resources */,
			);
			runOnlyForDeploymentPostprocessing = 0;
		};
/* End PBXResourcesBuildPhase section */

/* Begin PBXSourcesBuildPhase section */
		B93667771DD066850069DBC8 /* Sources */ = {
			isa = PBXSourcesBuildPhase;
			buildActionMask = 2147483647;
			files = (
				B93667811DD066850069DBC8 /* ViewController.swift in Sources */,
				B936677F1DD066850069DBC8 /* AppDelegate.swift in Sources */,
			);
			runOnlyForDeploymentPostprocessing = 0;
		};
/* End PBXSourcesBuildPhase section */

/* Begin PBXVariantGroup section */
		B93667821DD066850069DBC8 /* Main.storyboard */ = {
			isa = PBXVariantGroup;
			children = (
				B93667831DD066850069DBC8 /* Base */,
			);
			name = Main.storyboard;
			sourceTree = "<group>";
		};
		B93667871DD066850069DBC8 /* LaunchScreen.storyboard */ = {
			isa = PBXVariantGroup;
			children = (
				B93667881DD066850069DBC8 /* Base */,
			);
			name = LaunchScreen.storyboard;
			sourceTree = "<group>";
		};
/* End PBXVariantGroup section */

/* Begin XCBuildConfiguration section */
		B936678B1DD066850069DBC8 /* Debug */ = {
			isa = XCBuildConfiguration;
			buildSettings = {
				ALWAYS_SEARCH_USER_PATHS = NO;
				CLANG_ANALYZER_NONNULL = YES;
				CLANG_CXX_LANGUAGE_STANDARD = "gnu++0x";
				CLANG_CXX_LIBRARY = "libc++";
				CLANG_ENABLE_MODULES = YES;
				CLANG_ENABLE_OBJC_ARC = YES;
				CLANG_WARN_BOOL_CONVERSION = YES;
				CLANG_WARN_CONSTANT_CONVERSION = YES;
				CLANG_WARN_DIRECT_OBJC_ISA_USAGE = YES_ERROR;
				CLANG_WARN_DOCUMENTATION_COMMENTS = YES;
				CLANG_WARN_EMPTY_BODY = YES;
				CLANG_WARN_ENUM_CONVERSION = YES;
				CLANG_WARN_INFINITE_RECURSION = YES;
				CLANG_WARN_INT_CONVERSION = YES;
				CLANG_WARN_OBJC_ROOT_CLASS = YES_ERROR;
				CLANG_WARN_SUSPICIOUS_MOVES = YES;
				CLANG_WARN_UNREACHABLE_CODE = YES;
				CLANG_WARN__DUPLICATE_METHOD_MATCH = YES;
				"CODE_SIGN_IDENTITY[sdk=iphoneos*]" = "iPhone Developer";
				COPY_PHASE_STRIP = NO;
				DEBUG_INFORMATION_FORMAT = dwarf;
				ENABLE_STRICT_OBJC_MSGSEND = YES;
				ENABLE_TESTABILITY = YES;
				GCC_C_LANGUAGE_STANDARD = gnu99;
				GCC_DYNAMIC_NO_PIC = NO;
				GCC_NO_COMMON_BLOCKS = YES;
				GCC_OPTIMIZATION_LEVEL = 0;
				GCC_PREPROCESSOR_DEFINITIONS = (
					"DEBUG=1",
					"$(inherited)",
				);
				GCC_WARN_64_TO_32_BIT_CONVERSION = YES;
				GCC_WARN_ABOUT_RETURN_TYPE = YES_ERROR;
				GCC_WARN_UNDECLARED_SELECTOR = YES;
				GCC_WARN_UNINITIALIZED_AUTOS = YES_AGGRESSIVE;
				GCC_WARN_UNUSED_FUNCTION = YES;
				GCC_WARN_UNUSED_VARIABLE = YES;
				IPHONEOS_DEPLOYMENT_TARGET = 10.1;
				MTL_ENABLE_DEBUG_INFO = YES;
				ONLY_ACTIVE_ARCH = YES;
				SDKROOT = iphoneos;
				SWIFT_ACTIVE_COMPILATION_CONDITIONS = DEBUG;
				SWIFT_OPTIMIZATION_LEVEL = "-Onone";
			};
			name = Debug;
		};
		B936678C1DD066850069DBC8 /* Release */ = {
			isa = XCBuildConfiguration;
			buildSettings = {
				ALWAYS_SEARCH_USER_PATHS = NO;
				CLANG_ANALYZER_NONNULL = YES;
				CLANG_CXX_LANGUAGE_STANDARD = "gnu++0x";
				CLANG_CXX_LIBRARY = "libc++";
				CLANG_ENABLE_MODULES = YES;
				CLANG_ENABLE_OBJC_ARC = YES;
				CLANG_WARN_BOOL_CONVERSION = YES;
				CLANG_WARN_CONSTANT_CONVERSION = YES;
				CLANG_WARN_DIRECT_OBJC_ISA_USAGE = YES_ERROR;
				CLANG_WARN_DOCUMENTATION_COMMENTS = YES;
				CLANG_WARN_EMPTY_BODY = YES;
				CLANG_WARN_ENUM_CONVERSION = YES;
				CLANG_WARN_INFINITE_RECURSION = YES;
				CLANG_WARN_INT_CONVERSION = YES;
				CLANG_WARN_OBJC_ROOT_CLASS = YES_ERROR;
				CLANG_WARN_SUSPICIOUS_MOVES = YES;
				CLANG_WARN_UNREACHABLE_CODE = YES;
				CLANG_WARN__DUPLICATE_METHOD_MATCH = YES;
				"CODE_SIGN_IDENTITY[sdk=iphoneos*]" = "iPhone Developer";
				COPY_PHASE_STRIP = NO;
				DEBUG_INFORMATION_FORMAT = "dwarf-with-dsym";
				ENABLE_NS_ASSERTIONS = NO;
				ENABLE_STRICT_OBJC_MSGSEND = YES;
				GCC_C_LANGUAGE_STANDARD = gnu99;
				GCC_NO_COMMON_BLOCKS = YES;
				GCC_WARN_64_TO_32_BIT_CONVERSION = YES;
				GCC_WARN_ABOUT_RETURN_TYPE = YES_ERROR;
				GCC_WARN_UNDECLARED_SELECTOR = YES;
				GCC_WARN_UNINITIALIZED_AUTOS = YES_AGGRESSIVE;
				GCC_WARN_UNUSED_FUNCTION = YES;
				GCC_WARN_UNUSED_VARIABLE = YES;
				IPHONEOS_DEPLOYMENT_TARGET = 10.1;
				MTL_ENABLE_DEBUG_INFO = NO;
				SDKROOT = iphoneos;
				SWIFT_OPTIMIZATION_LEVEL = "-Owholemodule";
				VALIDATE_PRODUCT = YES;
			};
			name = Release;
		};
		B936678E1DD066850069DBC8 /* Debug */ = {
			isa = XCBuildConfiguration;
			buildSettings = {
				ASSETCATALOG_COMPILER_APPICON_NAME = AppIcon;
				DEVELOPMENT_TEAM = SF7XN9ZB4C;
				INFOPLIST_FILE = JavascriptExtension/Info.plist;
				LD_RUNPATH_SEARCH_PATHS = "$(inherited) @executable_path/Frameworks";
				PRODUCT_BUNDLE_IDENTIFIER = com.jarofgoblins.JavascriptExtension;
				PRODUCT_NAME = "$(TARGET_NAME)";
				SWIFT_VERSION = 3.0;
			};
			name = Debug;
		};
		B936678F1DD066850069DBC8 /* Release */ = {
			isa = XCBuildConfiguration;
			buildSettings = {
				ASSETCATALOG_COMPILER_APPICON_NAME = AppIcon;
				DEVELOPMENT_TEAM = SF7XN9ZB4C;
				INFOPLIST_FILE = JavascriptExtension/Info.plist;
				LD_RUNPATH_SEARCH_PATHS = "$(inherited) @executable_path/Frameworks";
				PRODUCT_BUNDLE_IDENTIFIER = com.jarofgoblins.JavascriptExtension;
				PRODUCT_NAME = "$(TARGET_NAME)";
				SWIFT_VERSION = 3.0;
			};
			name = Release;
		};
/* End XCBuildConfiguration section */

/* Begin XCConfigurationList section */
		B93667761DD066850069DBC8 /* Build configuration list for PBXProject "JavascriptExtension" */ = {
			isa = XCConfigurationList;
			buildConfigurations = (
				B936678B1DD066850069DBC8 /* Debug */,
				B936678C1DD066850069DBC8 /* Release */,
			);
			defaultConfigurationIsVisible = 0;
			defaultConfigurationName = Release;
		};
		B936678D1DD066850069DBC8 /* Build configuration list for PBXNativeTarget "JavascriptExtension" */ = {
			isa = XCConfigurationList;
			buildConfigurations = (
				B936678E1DD066850069DBC8 /* Debug */,
				B936678F1DD066850069DBC8 /* Release */,
			);
			defaultConfigurationIsVisible = 0;
		};
/* End XCConfigurationList section */
	};
	rootObject = B93667731DD066850069DBC8 /* Project object */;
}
